// !$*UTF8*$!
{
	archiveVersion = 1;
	classes = {
	};
	objectVersion = 46;
	objects = {

/* Begin PBXBuildFile section */
		A511C46A1838A207002E9072 /* selected.png in Resources */ = {isa = PBXBuildFile; fileRef = A511C4691838A207002E9072 /* selected.png */; };
		A511C4741838C119002E9072 /* ICETutorialController.m in Sources */ = {isa = PBXBuildFile; fileRef = A511C46C1838C119002E9072 /* ICETutorialController.m */; };
		A511C4751838C119002E9072 /* ICETutorialPage.m in Sources */ = {isa = PBXBuildFile; fileRef = A511C46E1838C119002E9072 /* ICETutorialPage.m */; };
		A511C4761838C119002E9072 /* NSString+FontAwesome.m in Sources */ = {isa = PBXBuildFile; fileRef = A511C4701838C119002E9072 /* NSString+FontAwesome.m */; };
		A511C4771838C119002E9072 /* UIButton+Bootstrap.m in Sources */ = {isa = PBXBuildFile; fileRef = A511C4721838C119002E9072 /* UIButton+Bootstrap.m */; };
		A511C4781838C119002E9072 /* FontAwesome.ttf in Resources */ = {isa = PBXBuildFile; fileRef = A511C4731838C119002E9072 /* FontAwesome.ttf */; };
		A511C47C1838C29A002E9072 /* ICETutorialController_iPad.xib in Resources */ = {isa = PBXBuildFile; fileRef = A511C47A1838C29A002E9072 /* ICETutorialController_iPad.xib */; };
		A511C47D1838C29A002E9072 /* ICETutorialController_iPhone.xib in Resources */ = {isa = PBXBuildFile; fileRef = A511C47B1838C29A002E9072 /* ICETutorialController_iPhone.xib */; };
		A511C4891838C329002E9072 /* monumentWCdropin4.png in Resources */ = {isa = PBXBuildFile; fileRef = A511C47F1838C329002E9072 /* monumentWCdropin4.png */; };
		A511C48A1838C329002E9072 /* monumentWbdropin4.png in Resources */ = {isa = PBXBuildFile; fileRef = A511C4801838C329002E9072 /* monumentWbdropin4.png */; };
		A511C48E1838C329002E9072 /* Slide1.png in Resources */ = {isa = PBXBuildFile; fileRef = A511C4841838C329002E9072 /* Slide1.png */; };
		A511C48F1838C329002E9072 /* Slide_two.jpg in Resources */ = {isa = PBXBuildFile; fileRef = A511C4851838C329002E9072 /* Slide_two.jpg */; };
		A511C4901838C329002E9072 /* background-gradient.png in Resources */ = {isa = PBXBuildFile; fileRef = A511C4861838C329002E9072 /* background-gradient.png */; };
		A511C4911838C329002E9072 /* background-gradient@2x.png in Resources */ = {isa = PBXBuildFile; fileRef = A511C4871838C329002E9072 /* background-gradient@2x.png */; };
		A511C49C1838D16E002E9072 /* more-icon.png in Resources */ = {isa = PBXBuildFile; fileRef = A511C49A1838D16E002E9072 /* more-icon.png */; };
		A511C49D1838D16E002E9072 /* more-icon@2x.png in Resources */ = {isa = PBXBuildFile; fileRef = A511C49B1838D16E002E9072 /* more-icon@2x.png */; };
		A511C4A61838D344002E9072 /* pocket-icon_saved.png in Resources */ = {isa = PBXBuildFile; fileRef = A511C4A21838D344002E9072 /* pocket-icon_saved.png */; };
		A511C4A81838D344002E9072 /* pocket-icon.png in Resources */ = {isa = PBXBuildFile; fileRef = A511C4A41838D344002E9072 /* pocket-icon.png */; };
		A511C4AC1838D3E3002E9072 /* pocket-icon_saved@2x.png in Resources */ = {isa = PBXBuildFile; fileRef = A511C4AA1838D3E3002E9072 /* pocket-icon_saved@2x.png */; };
		A511C4AD1838D3E3002E9072 /* pocket-icon@2x.png in Resources */ = {isa = PBXBuildFile; fileRef = A511C4AB1838D3E3002E9072 /* pocket-icon@2x.png */; };
		A511C4BA1840A061002E9072 /* libGoogleAnalyticsServices.a in Frameworks */ = {isa = PBXBuildFile; fileRef = A511C4B91840A061002E9072 /* libGoogleAnalyticsServices.a */; };
		A511C4BC1840A084002E9072 /* CoreData.framework in Frameworks */ = {isa = PBXBuildFile; fileRef = A511C4BB1840A084002E9072 /* CoreData.framework */; };
		A511C4BE1840A0A5002E9072 /* libz.dylib in Frameworks */ = {isa = PBXBuildFile; fileRef = A511C4BD1840A0A5002E9072 /* libz.dylib */; };
		A51F3A1917C979F4008C6C39 /* FeedViewController.m in Sources */ = {isa = PBXBuildFile; fileRef = A51F3A1817C979F4008C6C39 /* FeedViewController.m */; };
		A51F3A1C17C97A12008C6C39 /* HomeViewController.m in Sources */ = {isa = PBXBuildFile; fileRef = A51F3A1B17C97A12008C6C39 /* HomeViewController.m */; };
		A576090A17E2A7F4003F4106 /* KeychainItemWrapper.m in Sources */ = {isa = PBXBuildFile; fileRef = A576090917E2A7F4003F4106 /* KeychainItemWrapper.m */; };
		A576090D17E2AA64003F4106 /* LoginViewController.m in Sources */ = {isa = PBXBuildFile; fileRef = A576090C17E2AA64003F4106 /* LoginViewController.m */; };
		A576090E17E2AD69003F4106 /* KeychainItemWrapper.m in Sources */ = {isa = PBXBuildFile; fileRef = A576090917E2A7F4003F4106 /* KeychainItemWrapper.m */; settings = {COMPILER_FLAGS = "-fno-objc-arc"; }; };
		A576090F17E2B7F4003F4106 /* FeemurHandler.m in Sources */ = {isa = PBXBuildFile; fileRef = A51F3A1E17C97C6D008C6C39 /* FeemurHandler.m */; };
		A592E04517DA5C2900E41FA6 /* DataHandler.m in Sources */ = {isa = PBXBuildFile; fileRef = A592E04417DA5C2900E41FA6 /* DataHandler.m */; };
		A59DC7121818CD4300DF9B39 /* MenuViewController.m in Sources */ = {isa = PBXBuildFile; fileRef = A59DC7111818CD4300DF9B39 /* MenuViewController.m */; };
		A59DC7151818CE1000DF9B39 /* RootViewController.m in Sources */ = {isa = PBXBuildFile; fileRef = A59DC7141818CE1000DF9B39 /* RootViewController.m */; };
		A59DC7181818D0EF00DF9B39 /* CoreImage.framework in Frameworks */ = {isa = PBXBuildFile; fileRef = A59DC7161818D07A00DF9B39 /* CoreImage.framework */; };
		A59DC738181C91AD00DF9B39 /* REMenu.m in Sources */ = {isa = PBXBuildFile; fileRef = A59DC730181C91AD00DF9B39 /* REMenu.m */; };
		A59DC739181C91AD00DF9B39 /* REMenuContainerView.m in Sources */ = {isa = PBXBuildFile; fileRef = A59DC732181C91AD00DF9B39 /* REMenuContainerView.m */; };
		A59DC73A181C91AD00DF9B39 /* REMenuItem.m in Sources */ = {isa = PBXBuildFile; fileRef = A59DC734181C91AD00DF9B39 /* REMenuItem.m */; };
		A59DC73B181C91AD00DF9B39 /* REMenuItemView.m in Sources */ = {isa = PBXBuildFile; fileRef = A59DC736181C91AD00DF9B39 /* REMenuItemView.m */; };
		A59DC744181CA4E400DF9B39 /* Icon_Activity.png in Resources */ = {isa = PBXBuildFile; fileRef = A59DC73C181CA4E400DF9B39 /* Icon_Activity.png */; };
		A59DC745181CA4E400DF9B39 /* Icon_Activity@2x.png in Resources */ = {isa = PBXBuildFile; fileRef = A59DC73D181CA4E400DF9B39 /* Icon_Activity@2x.png */; };
		A59DC746181CA4E400DF9B39 /* Icon_Explore.png in Resources */ = {isa = PBXBuildFile; fileRef = A59DC73E181CA4E400DF9B39 /* Icon_Explore.png */; };
		A59DC747181CA4E400DF9B39 /* Icon_Explore@2x.png in Resources */ = {isa = PBXBuildFile; fileRef = A59DC73F181CA4E400DF9B39 /* Icon_Explore@2x.png */; };
		A59DC748181CA4E400DF9B39 /* Icon_Home.png in Resources */ = {isa = PBXBuildFile; fileRef = A59DC740181CA4E400DF9B39 /* Icon_Home.png */; };
		A59DC749181CA4E400DF9B39 /* Icon_Home@2x.png in Resources */ = {isa = PBXBuildFile; fileRef = A59DC741181CA4E400DF9B39 /* Icon_Home@2x.png */; };
		A59DC74A181CA4E400DF9B39 /* Icon_Profile.png in Resources */ = {isa = PBXBuildFile; fileRef = A59DC742181CA4E400DF9B39 /* Icon_Profile.png */; };
		A59DC74B181CA4E400DF9B39 /* Icon_Profile@2x.png in Resources */ = {isa = PBXBuildFile; fileRef = A59DC743181CA4E400DF9B39 /* Icon_Profile@2x.png */; };
		A59DC753181CAFC600DF9B39 /* RECommonFunctions.m in Sources */ = {isa = PBXBuildFile; fileRef = A59DC74E181CAFC600DF9B39 /* RECommonFunctions.m */; };
		A59DC754181CAFC600DF9B39 /* RESideMenu.m in Sources */ = {isa = PBXBuildFile; fileRef = A59DC750181CAFC600DF9B39 /* RESideMenu.m */; };
		A59DC755181CAFC600DF9B39 /* UIViewController+RESideMenu.m in Sources */ = {isa = PBXBuildFile; fileRef = A59DC752181CAFC600DF9B39 /* UIViewController+RESideMenu.m */; };
		A59DC75D181CB70C00DF9B39 /* Images.xcassets in Resources */ = {isa = PBXBuildFile; fileRef = A59DC75C181CB70C00DF9B39 /* Images.xcassets */; };
		A5A457FF184806DB00D54093 /* background.png in Resources */ = {isa = PBXBuildFile; fileRef = A5A457FE184806DB00D54093 /* background.png */; };
		A5A4580118480A2A00D54093 /* down.png in Resources */ = {isa = PBXBuildFile; fileRef = A5A4580018480A2A00D54093 /* down.png */; };
		A5A4580318480A4400D54093 /* list@2x.png in Resources */ = {isa = PBXBuildFile; fileRef = A5A4580218480A4400D54093 /* list@2x.png */; };
		A5A4580518480A6F00D54093 /* list.png in Resources */ = {isa = PBXBuildFile; fileRef = A5A4580418480A6F00D54093 /* list.png */; };
		A5A99E181814BA7100C23847 /* ProgressHUD.bundle in Resources */ = {isa = PBXBuildFile; fileRef = A5A99E151814BA7100C23847 /* ProgressHUD.bundle */; };
		A5A99E191814BA7100C23847 /* ProgressHUD.m in Sources */ = {isa = PBXBuildFile; fileRef = A5A99E171814BA7100C23847 /* ProgressHUD.m */; };
		A5A99E1F1814CF8900C23847 /* DTAlertView.m in Sources */ = {isa = PBXBuildFile; fileRef = A5A99E1C1814CF8900C23847 /* DTAlertView.m */; };
		A5A99E201814CF8900C23847 /* DTProgressStatus.m in Sources */ = {isa = PBXBuildFile; fileRef = A5A99E1E1814CF8900C23847 /* DTProgressStatus.m */; };
		A5A99E221814D1DB00C23847 /* QuartzCore.framework in Frameworks */ = {isa = PBXBuildFile; fileRef = A5A99E211814D1DB00C23847 /* QuartzCore.framework */; };
		A5A99E261814E1E200C23847 /* Default.png in Resources */ = {isa = PBXBuildFile; fileRef = A5A99E231814E1E200C23847 /* Default.png */; };
		A5A99E271814E1E200C23847 /* Default@2x.png in Resources */ = {isa = PBXBuildFile; fileRef = A5A99E241814E1E200C23847 /* Default@2x.png */; };
		A5A99E281814E1E200C23847 /* Default~iphone.png in Resources */ = {isa = PBXBuildFile; fileRef = A5A99E251814E1E200C23847 /* Default~iphone.png */; };
		A5A99E2C1817024100C23847 /* StoreKit.framework in Frameworks */ = {isa = PBXBuildFile; fileRef = A5A99E2B1817024000C23847 /* StoreKit.framework */; };
		A5AF05FF182DD5C8002AC141 /* libGoogleAdMobAds.a in Frameworks */ = {isa = PBXBuildFile; fileRef = A5AF05FD182DD5C8002AC141 /* libGoogleAdMobAds.a */; };
		A5AF0602182DD77B002AC141 /* MessageUI.framework in Frameworks */ = {isa = PBXBuildFile; fileRef = A5AF0601182DD77B002AC141 /* MessageUI.framework */; };
		A5AF0604182DD787002AC141 /* SystemConfiguration.framework in Frameworks */ = {isa = PBXBuildFile; fileRef = A5AF0603182DD787002AC141 /* SystemConfiguration.framework */; };
		A5AF0606182DD797002AC141 /* AdSupport.framework in Frameworks */ = {isa = PBXBuildFile; fileRef = A5AF0605182DD797002AC141 /* AdSupport.framework */; };
		A5AF0608182DD7A4002AC141 /* AudioToolbox.framework in Frameworks */ = {isa = PBXBuildFile; fileRef = A5AF0607182DD7A4002AC141 /* AudioToolbox.framework */; };
		A5B51CD217AA1AFD00334619 /* UIKit.framework in Frameworks */ = {isa = PBXBuildFile; fileRef = A5B51CD117AA1AFD00334619 /* UIKit.framework */; };
		A5B51CD417AA1AFD00334619 /* Foundation.framework in Frameworks */ = {isa = PBXBuildFile; fileRef = A5B51CD317AA1AFD00334619 /* Foundation.framework */; };
		A5B51CD617AA1AFD00334619 /* CoreGraphics.framework in Frameworks */ = {isa = PBXBuildFile; fileRef = A5B51CD517AA1AFD00334619 /* CoreGraphics.framework */; };
		A5B51CDC17AA1AFD00334619 /* InfoPlist.strings in Resources */ = {isa = PBXBuildFile; fileRef = A5B51CDA17AA1AFD00334619 /* InfoPlist.strings */; };
		A5B51CDE17AA1AFD00334619 /* main.m in Sources */ = {isa = PBXBuildFile; fileRef = A5B51CDD17AA1AFD00334619 /* main.m */; };
		A5B51CE217AA1AFD00334619 /* AppDelegate.m in Sources */ = {isa = PBXBuildFile; fileRef = A5B51CE117AA1AFD00334619 /* AppDelegate.m */; };
		A5B51CEB17AA1AFE00334619 /* MainStoryboard_iPhone.storyboard in Resources */ = {isa = PBXBuildFile; fileRef = A5B51CE917AA1AFE00334619 /* MainStoryboard_iPhone.storyboard */; };
		A5B51CEE17AA1AFE00334619 /* MainStoryboard_iPad.storyboard in Resources */ = {isa = PBXBuildFile; fileRef = A5B51CEC17AA1AFE00334619 /* MainStoryboard_iPad.storyboard */; };
		A5B51CF117AA1AFE00334619 /* FirstViewController.m in Sources */ = {isa = PBXBuildFile; fileRef = A5B51CF017AA1AFE00334619 /* FirstViewController.m */; };
		A5B51CF317AA1AFE00334619 /* first.png in Resources */ = {isa = PBXBuildFile; fileRef = A5B51CF217AA1AFE00334619 /* first.png */; };
		A5B51CF517AA1AFE00334619 /* first@2x.png in Resources */ = {isa = PBXBuildFile; fileRef = A5B51CF417AA1AFE00334619 /* first@2x.png */; };
		A5B51CF817AA1AFE00334619 /* SecondViewController.m in Sources */ = {isa = PBXBuildFile; fileRef = A5B51CF717AA1AFE00334619 /* SecondViewController.m */; };
		A5B51CFA17AA1AFE00334619 /* second.png in Resources */ = {isa = PBXBuildFile; fileRef = A5B51CF917AA1AFE00334619 /* second.png */; };
		A5B51CFC17AA1AFE00334619 /* second@2x.png in Resources */ = {isa = PBXBuildFile; fileRef = A5B51CFB17AA1AFE00334619 /* second@2x.png */; };
		A5B51D0417AA1AFE00334619 /* SenTestingKit.framework in Frameworks */ = {isa = PBXBuildFile; fileRef = A5B51D0317AA1AFE00334619 /* SenTestingKit.framework */; };
		A5B51D0517AA1AFE00334619 /* UIKit.framework in Frameworks */ = {isa = PBXBuildFile; fileRef = A5B51CD117AA1AFD00334619 /* UIKit.framework */; };
		A5B51D0617AA1AFE00334619 /* Foundation.framework in Frameworks */ = {isa = PBXBuildFile; fileRef = A5B51CD317AA1AFD00334619 /* Foundation.framework */; };
		A5B51D0E17AA1AFE00334619 /* InfoPlist.strings in Resources */ = {isa = PBXBuildFile; fileRef = A5B51D0C17AA1AFE00334619 /* InfoPlist.strings */; };
		A5B51D1117AA1AFE00334619 /* feemurTests.m in Sources */ = {isa = PBXBuildFile; fileRef = A5B51D1017AA1AFE00334619 /* feemurTests.m */; };
		A5B51D1D17AB74CD00334619 /* PocketHandler.m in Sources */ = {isa = PBXBuildFile; fileRef = A5B51D1C17AB74CD00334619 /* PocketHandler.m */; };
		A5B51D2917AD964800334619 /* PocketAPI.m in Sources */ = {isa = PBXBuildFile; fileRef = A5B51D2117AD964800334619 /* PocketAPI.m */; settings = {COMPILER_FLAGS = "-fno-objc-arc"; }; };
		A5B51D2A17AD964800334619 /* PocketAPILogin.m in Sources */ = {isa = PBXBuildFile; fileRef = A5B51D2317AD964800334619 /* PocketAPILogin.m */; settings = {COMPILER_FLAGS = "-fno-objc-arc"; }; };
		A5B51D2B17AD964800334619 /* PocketAPIOperation.m in Sources */ = {isa = PBXBuildFile; fileRef = A5B51D2517AD964800334619 /* PocketAPIOperation.m */; settings = {COMPILER_FLAGS = "-fno-objc-arc"; }; };
		A5B51D2C17AD964800334619 /* SFHFKeychainUtils.m in Sources */ = {isa = PBXBuildFile; fileRef = A5B51D2817AD964800334619 /* SFHFKeychainUtils.m */; settings = {COMPILER_FLAGS = "-fno-objc-arc"; }; };
		A5B51D2E17AD96A800334619 /* Security.framework in Frameworks */ = {isa = PBXBuildFile; fileRef = A5B51D2D17AD96A800334619 /* Security.framework */; };
		A5B51D3117AF11E500334619 /* API.m in Sources */ = {isa = PBXBuildFile; fileRef = A5B51D2F17AF11E400334619 /* API.m */; };
		A5B51D4617AF11FA00334619 /* AFHTTPClient.m in Sources */ = {isa = PBXBuildFile; fileRef = A5B51D3417AF11FA00334619 /* AFHTTPClient.m */; };
		A5B51D4717AF11FA00334619 /* AFHTTPRequestOperation.m in Sources */ = {isa = PBXBuildFile; fileRef = A5B51D3617AF11FA00334619 /* AFHTTPRequestOperation.m */; };
		A5B51D4817AF11FA00334619 /* AFImageRequestOperation.m in Sources */ = {isa = PBXBuildFile; fileRef = A5B51D3817AF11FA00334619 /* AFImageRequestOperation.m */; };
		A5B51D4917AF11FA00334619 /* AFJSONRequestOperation.m in Sources */ = {isa = PBXBuildFile; fileRef = A5B51D3A17AF11FA00334619 /* AFJSONRequestOperation.m */; };
		A5B51D4A17AF11FA00334619 /* AFNetworkActivityIndicatorManager.m in Sources */ = {isa = PBXBuildFile; fileRef = A5B51D3C17AF11FA00334619 /* AFNetworkActivityIndicatorManager.m */; };
		A5B51D4B17AF11FA00334619 /* AFPropertyListRequestOperation.m in Sources */ = {isa = PBXBuildFile; fileRef = A5B51D3F17AF11FA00334619 /* AFPropertyListRequestOperation.m */; };
		A5B51D4C17AF11FA00334619 /* AFURLConnectionOperation.m in Sources */ = {isa = PBXBuildFile; fileRef = A5B51D4117AF11FA00334619 /* AFURLConnectionOperation.m */; };
		A5B51D4D17AF11FA00334619 /* AFXMLRequestOperation.m in Sources */ = {isa = PBXBuildFile; fileRef = A5B51D4317AF11FA00334619 /* AFXMLRequestOperation.m */; };
		A5B51D4E17AF11FA00334619 /* UIImageView+AFNetworking.m in Sources */ = {isa = PBXBuildFile; fileRef = A5B51D4517AF11FA00334619 /* UIImageView+AFNetworking.m */; };
		A5B51D4F17B3427400334619 /* API.m in Sources */ = {isa = PBXBuildFile; fileRef = A5B51D2F17AF11E400334619 /* API.m */; };
		A5B51D5017B3428E00334619 /* AFHTTPClient.m in Sources */ = {isa = PBXBuildFile; fileRef = A5B51D3417AF11FA00334619 /* AFHTTPClient.m */; };
		A5B51D5117B3428E00334619 /* AFHTTPRequestOperation.m in Sources */ = {isa = PBXBuildFile; fileRef = A5B51D3617AF11FA00334619 /* AFHTTPRequestOperation.m */; };
		A5B51D5217B3428E00334619 /* AFImageRequestOperation.m in Sources */ = {isa = PBXBuildFile; fileRef = A5B51D3817AF11FA00334619 /* AFImageRequestOperation.m */; };
		A5B51D5317B3428E00334619 /* AFJSONRequestOperation.m in Sources */ = {isa = PBXBuildFile; fileRef = A5B51D3A17AF11FA00334619 /* AFJSONRequestOperation.m */; };
		A5B51D5417B3428E00334619 /* AFNetworkActivityIndicatorManager.m in Sources */ = {isa = PBXBuildFile; fileRef = A5B51D3C17AF11FA00334619 /* AFNetworkActivityIndicatorManager.m */; };
		A5B51D5517B3428E00334619 /* AFPropertyListRequestOperation.m in Sources */ = {isa = PBXBuildFile; fileRef = A5B51D3F17AF11FA00334619 /* AFPropertyListRequestOperation.m */; };
		A5B51D5617B3428E00334619 /* AFURLConnectionOperation.m in Sources */ = {isa = PBXBuildFile; fileRef = A5B51D4117AF11FA00334619 /* AFURLConnectionOperation.m */; };
		A5B51D5717B3428E00334619 /* AFXMLRequestOperation.m in Sources */ = {isa = PBXBuildFile; fileRef = A5B51D4317AF11FA00334619 /* AFXMLRequestOperation.m */; };
		A5B51D5817B3428E00334619 /* UIImageView+AFNetworking.m in Sources */ = {isa = PBXBuildFile; fileRef = A5B51D4517AF11FA00334619 /* UIImageView+AFNetworking.m */; };
		A5BA3C3F17E8E15D005AB2F0 /* check.png in Resources */ = {isa = PBXBuildFile; fileRef = A5BA3C3717E8E15D005AB2F0 /* check.png */; };
		A5BA3C4017E8E15D005AB2F0 /* check@2x.png in Resources */ = {isa = PBXBuildFile; fileRef = A5BA3C3817E8E15D005AB2F0 /* check@2x.png */; };
		A5BA3C4117E8E15D005AB2F0 /* clock.png in Resources */ = {isa = PBXBuildFile; fileRef = A5BA3C3917E8E15D005AB2F0 /* clock.png */; };
		A5BA3C4217E8E15D005AB2F0 /* clock@2x.png in Resources */ = {isa = PBXBuildFile; fileRef = A5BA3C3A17E8E15D005AB2F0 /* clock@2x.png */; };
		A5BA3C4317E8E15D005AB2F0 /* cross.png in Resources */ = {isa = PBXBuildFile; fileRef = A5BA3C3B17E8E15D005AB2F0 /* cross.png */; };
		A5BA3C4417E8E15D005AB2F0 /* cross@2x.png in Resources */ = {isa = PBXBuildFile; fileRef = A5BA3C3C17E8E15D005AB2F0 /* cross@2x.png */; };
		A5BA3C4917E8E16B005AB2F0 /* MCSwipeTableViewCell.m in Sources */ = {isa = PBXBuildFile; fileRef = A5BA3C4817E8E16B005AB2F0 /* MCSwipeTableViewCell.m */; };
		A5D1CEF718131C7E0033F552 /* FeemurAppIcon_retina7.png in Resources */ = {isa = PBXBuildFile; fileRef = A5D1CEF418131C7E0033F552 /* FeemurAppIcon_retina7.png */; };
		A5D1CEF818131C7E0033F552 /* FeemurAppIcon.png in Resources */ = {isa = PBXBuildFile; fileRef = A5D1CEF518131C7E0033F552 /* FeemurAppIcon.png */; };
		A5D1CEF918131C7E0033F552 /* FeemurAppIcon_retina.png in Resources */ = {isa = PBXBuildFile; fileRef = A5D1CEF618131C7E0033F552 /* FeemurAppIcon_retina.png */; };
		A5D1CEFC1813691E0033F552 /* forward.png in Resources */ = {isa = PBXBuildFile; fileRef = A5D1CEFA1813691E0033F552 /* forward.png */; };
		A5D1CEFD1813691E0033F552 /* back.png in Resources */ = {isa = PBXBuildFile; fileRef = A5D1CEFB1813691E0033F552 /* back.png */; };
		A5D1CF0018136D340033F552 /* LinkViewController.m in Sources */ = {isa = PBXBuildFile; fileRef = A5D1CEFF18136D340033F552 /* LinkViewController.m */; };
/* End PBXBuildFile section */

/* Begin PBXContainerItemProxy section */
		A5B51D0717AA1AFE00334619 /* PBXContainerItemProxy */ = {
			isa = PBXContainerItemProxy;
			containerPortal = A5B51CC617AA1AFD00334619 /* Project object */;
			proxyType = 1;
			remoteGlobalIDString = A5B51CCD17AA1AFD00334619;
			remoteInfo = feemur;
		};
/* End PBXContainerItemProxy section */

/* Begin PBXFileReference section */
		A511C4691838A207002E9072 /* selected.png */ = {isa = PBXFileReference; lastKnownFileType = image.png; path = selected.png; sourceTree = "<group>"; };
		A511C46B1838C119002E9072 /* ICETutorialController.h */ = {isa = PBXFileReference; fileEncoding = 4; lastKnownFileType = sourcecode.c.h; path = ICETutorialController.h; sourceTree = "<group>"; };
		A511C46C1838C119002E9072 /* ICETutorialController.m */ = {isa = PBXFileReference; fileEncoding = 4; lastKnownFileType = sourcecode.c.objc; path = ICETutorialController.m; sourceTree = "<group>"; };
		A511C46D1838C119002E9072 /* ICETutorialPage.h */ = {isa = PBXFileReference; fileEncoding = 4; lastKnownFileType = sourcecode.c.h; path = ICETutorialPage.h; sourceTree = "<group>"; };
		A511C46E1838C119002E9072 /* ICETutorialPage.m */ = {isa = PBXFileReference; fileEncoding = 4; lastKnownFileType = sourcecode.c.objc; path = ICETutorialPage.m; sourceTree = "<group>"; };
		A511C46F1838C119002E9072 /* NSString+FontAwesome.h */ = {isa = PBXFileReference; fileEncoding = 4; lastKnownFileType = sourcecode.c.h; path = "NSString+FontAwesome.h"; sourceTree = "<group>"; };
		A511C4701838C119002E9072 /* NSString+FontAwesome.m */ = {isa = PBXFileReference; fileEncoding = 4; lastKnownFileType = sourcecode.c.objc; path = "NSString+FontAwesome.m"; sourceTree = "<group>"; };
		A511C4711838C119002E9072 /* UIButton+Bootstrap.h */ = {isa = PBXFileReference; fileEncoding = 4; lastKnownFileType = sourcecode.c.h; path = "UIButton+Bootstrap.h"; sourceTree = "<group>"; };
		A511C4721838C119002E9072 /* UIButton+Bootstrap.m */ = {isa = PBXFileReference; fileEncoding = 4; lastKnownFileType = sourcecode.c.objc; path = "UIButton+Bootstrap.m"; sourceTree = "<group>"; };
		A511C4731838C119002E9072 /* FontAwesome.ttf */ = {isa = PBXFileReference; lastKnownFileType = file; path = FontAwesome.ttf; sourceTree = "<group>"; };
		A511C47A1838C29A002E9072 /* ICETutorialController_iPad.xib */ = {isa = PBXFileReference; fileEncoding = 4; lastKnownFileType = file.xib; path = ICETutorialController_iPad.xib; sourceTree = "<group>"; };
		A511C47B1838C29A002E9072 /* ICETutorialController_iPhone.xib */ = {isa = PBXFileReference; fileEncoding = 4; lastKnownFileType = file.xib; path = ICETutorialController_iPhone.xib; sourceTree = "<group>"; };
		A511C47F1838C329002E9072 /* monumentWCdropin4.png */ = {isa = PBXFileReference; lastKnownFileType = image.png; path = monumentWCdropin4.png; sourceTree = "<group>"; };
		A511C4801838C329002E9072 /* monumentWbdropin4.png */ = {isa = PBXFileReference; lastKnownFileType = image.png; path = monumentWbdropin4.png; sourceTree = "<group>"; };
		A511C4841838C329002E9072 /* Slide1.png */ = {isa = PBXFileReference; lastKnownFileType = image.png; path = Slide1.png; sourceTree = "<group>"; };
		A511C4851838C329002E9072 /* Slide_two.jpg */ = {isa = PBXFileReference; lastKnownFileType = image.jpeg; path = Slide_two.jpg; sourceTree = "<group>"; };
		A511C4861838C329002E9072 /* background-gradient.png */ = {isa = PBXFileReference; lastKnownFileType = image.png; path = "background-gradient.png"; sourceTree = "<group>"; };
		A511C4871838C329002E9072 /* background-gradient@2x.png */ = {isa = PBXFileReference; lastKnownFileType = image.png; path = "background-gradient@2x.png"; sourceTree = "<group>"; };
		A511C49A1838D16E002E9072 /* more-icon.png */ = {isa = PBXFileReference; lastKnownFileType = image.png; path = "more-icon.png"; sourceTree = "<group>"; };
		A511C49B1838D16E002E9072 /* more-icon@2x.png */ = {isa = PBXFileReference; lastKnownFileType = image.png; path = "more-icon@2x.png"; sourceTree = "<group>"; };
		A511C4A21838D344002E9072 /* pocket-icon_saved.png */ = {isa = PBXFileReference; lastKnownFileType = image.png; path = "pocket-icon_saved.png"; sourceTree = "<group>"; };
		A511C4A41838D344002E9072 /* pocket-icon.png */ = {isa = PBXFileReference; lastKnownFileType = image.png; path = "pocket-icon.png"; sourceTree = "<group>"; };
		A511C4AA1838D3E3002E9072 /* pocket-icon_saved@2x.png */ = {isa = PBXFileReference; lastKnownFileType = image.png; path = "pocket-icon_saved@2x.png"; sourceTree = "<group>"; };
		A511C4AB1838D3E3002E9072 /* pocket-icon@2x.png */ = {isa = PBXFileReference; lastKnownFileType = image.png; path = "pocket-icon@2x.png"; sourceTree = "<group>"; };
		A511C4B91840A061002E9072 /* libGoogleAnalyticsServices.a */ = {isa = PBXFileReference; lastKnownFileType = archive.ar; path = libGoogleAnalyticsServices.a; sourceTree = "<group>"; };
		A511C4BB1840A084002E9072 /* CoreData.framework */ = {isa = PBXFileReference; lastKnownFileType = wrapper.framework; name = CoreData.framework; path = System/Library/Frameworks/CoreData.framework; sourceTree = SDKROOT; };
		A511C4BD1840A0A5002E9072 /* libz.dylib */ = {isa = PBXFileReference; lastKnownFileType = "compiled.mach-o.dylib"; name = libz.dylib; path = usr/lib/libz.dylib; sourceTree = SDKROOT; };
		A511C4BF1840A48A002E9072 /* GAI.h */ = {isa = PBXFileReference; fileEncoding = 4; lastKnownFileType = sourcecode.c.h; path = GAI.h; sourceTree = "<group>"; };
		A511C4C01840A48A002E9072 /* GAIDictionaryBuilder.h */ = {isa = PBXFileReference; fileEncoding = 4; lastKnownFileType = sourcecode.c.h; path = GAIDictionaryBuilder.h; sourceTree = "<group>"; };
		A511C4C11840A48A002E9072 /* GAIFields.h */ = {isa = PBXFileReference; fileEncoding = 4; lastKnownFileType = sourcecode.c.h; path = GAIFields.h; sourceTree = "<group>"; };
		A511C4C21840A48A002E9072 /* GAILogger.h */ = {isa = PBXFileReference; fileEncoding = 4; lastKnownFileType = sourcecode.c.h; path = GAILogger.h; sourceTree = "<group>"; };
		A511C4C31840A48A002E9072 /* GAITrackedViewController.h */ = {isa = PBXFileReference; fileEncoding = 4; lastKnownFileType = sourcecode.c.h; path = GAITrackedViewController.h; sourceTree = "<group>"; };
		A511C4C41840A48A002E9072 /* GAITracker.h */ = {isa = PBXFileReference; fileEncoding = 4; lastKnownFileType = sourcecode.c.h; path = GAITracker.h; sourceTree = "<group>"; };
		A51F3A1717C979F4008C6C39 /* FeedViewController.h */ = {isa = PBXFileReference; fileEncoding = 4; lastKnownFileType = sourcecode.c.h; path = FeedViewController.h; sourceTree = "<group>"; };
		A51F3A1817C979F4008C6C39 /* FeedViewController.m */ = {isa = PBXFileReference; fileEncoding = 4; lastKnownFileType = sourcecode.c.objc; path = FeedViewController.m; sourceTree = "<group>"; };
		A51F3A1A17C97A12008C6C39 /* HomeViewController.h */ = {isa = PBXFileReference; fileEncoding = 4; lastKnownFileType = sourcecode.c.h; path = HomeViewController.h; sourceTree = "<group>"; };
		A51F3A1B17C97A12008C6C39 /* HomeViewController.m */ = {isa = PBXFileReference; fileEncoding = 4; lastKnownFileType = sourcecode.c.objc; path = HomeViewController.m; sourceTree = "<group>"; };
		A51F3A1D17C97C6D008C6C39 /* FeemurHandler.h */ = {isa = PBXFileReference; fileEncoding = 4; lastKnownFileType = sourcecode.c.h; path = FeemurHandler.h; sourceTree = "<group>"; };
		A51F3A1E17C97C6D008C6C39 /* FeemurHandler.m */ = {isa = PBXFileReference; fileEncoding = 4; lastKnownFileType = sourcecode.c.objc; path = FeemurHandler.m; sourceTree = "<group>"; };
		A535F8891827351D0069D7ED /* libcommonCrypto.dylib */ = {isa = PBXFileReference; lastKnownFileType = "compiled.mach-o.dylib"; name = libcommonCrypto.dylib; path = usr/lib/system/libcommonCrypto.dylib; sourceTree = SDKROOT; };
		A576090817E2A7F4003F4106 /* KeychainItemWrapper.h */ = {isa = PBXFileReference; fileEncoding = 4; lastKnownFileType = sourcecode.c.h; path = KeychainItemWrapper.h; sourceTree = "<group>"; };
		A576090917E2A7F4003F4106 /* KeychainItemWrapper.m */ = {isa = PBXFileReference; fileEncoding = 4; lastKnownFileType = sourcecode.c.objc; path = KeychainItemWrapper.m; sourceTree = "<group>"; };
		A576090B17E2AA64003F4106 /* LoginViewController.h */ = {isa = PBXFileReference; fileEncoding = 4; lastKnownFileType = sourcecode.c.h; path = LoginViewController.h; sourceTree = "<group>"; };
		A576090C17E2AA64003F4106 /* LoginViewController.m */ = {isa = PBXFileReference; fileEncoding = 4; lastKnownFileType = sourcecode.c.objc; path = LoginViewController.m; sourceTree = "<group>"; };
		A592E04317DA5C2900E41FA6 /* DataHandler.h */ = {isa = PBXFileReference; fileEncoding = 4; lastKnownFileType = sourcecode.c.h; path = DataHandler.h; sourceTree = "<group>"; };
		A592E04417DA5C2900E41FA6 /* DataHandler.m */ = {isa = PBXFileReference; fileEncoding = 4; lastKnownFileType = sourcecode.c.objc; path = DataHandler.m; sourceTree = "<group>"; };
		A59DC7101818CD4300DF9B39 /* MenuViewController.h */ = {isa = PBXFileReference; fileEncoding = 4; lastKnownFileType = sourcecode.c.h; path = MenuViewController.h; sourceTree = "<group>"; };
		A59DC7111818CD4300DF9B39 /* MenuViewController.m */ = {isa = PBXFileReference; fileEncoding = 4; lastKnownFileType = sourcecode.c.objc; path = MenuViewController.m; sourceTree = "<group>"; };
		A59DC7131818CE1000DF9B39 /* RootViewController.h */ = {isa = PBXFileReference; fileEncoding = 4; lastKnownFileType = sourcecode.c.h; path = RootViewController.h; sourceTree = "<group>"; };
		A59DC7141818CE1000DF9B39 /* RootViewController.m */ = {isa = PBXFileReference; fileEncoding = 4; lastKnownFileType = sourcecode.c.objc; path = RootViewController.m; sourceTree = "<group>"; };
		A59DC7161818D07A00DF9B39 /* CoreImage.framework */ = {isa = PBXFileReference; lastKnownFileType = wrapper.framework; name = CoreImage.framework; path = System/Library/Frameworks/CoreImage.framework; sourceTree = SDKROOT; };
		A59DC72F181C91AD00DF9B39 /* REMenu.h */ = {isa = PBXFileReference; fileEncoding = 4; lastKnownFileType = sourcecode.c.h; path = REMenu.h; sourceTree = "<group>"; };
		A59DC730181C91AD00DF9B39 /* REMenu.m */ = {isa = PBXFileReference; fileEncoding = 4; lastKnownFileType = sourcecode.c.objc; path = REMenu.m; sourceTree = "<group>"; };
		A59DC731181C91AD00DF9B39 /* REMenuContainerView.h */ = {isa = PBXFileReference; fileEncoding = 4; lastKnownFileType = sourcecode.c.h; path = REMenuContainerView.h; sourceTree = "<group>"; };
		A59DC732181C91AD00DF9B39 /* REMenuContainerView.m */ = {isa = PBXFileReference; fileEncoding = 4; lastKnownFileType = sourcecode.c.objc; path = REMenuContainerView.m; sourceTree = "<group>"; };
		A59DC733181C91AD00DF9B39 /* REMenuItem.h */ = {isa = PBXFileReference; fileEncoding = 4; lastKnownFileType = sourcecode.c.h; path = REMenuItem.h; sourceTree = "<group>"; };
		A59DC734181C91AD00DF9B39 /* REMenuItem.m */ = {isa = PBXFileReference; fileEncoding = 4; lastKnownFileType = sourcecode.c.objc; path = REMenuItem.m; sourceTree = "<group>"; };
		A59DC735181C91AD00DF9B39 /* REMenuItemView.h */ = {isa = PBXFileReference; fileEncoding = 4; lastKnownFileType = sourcecode.c.h; path = REMenuItemView.h; sourceTree = "<group>"; };
		A59DC736181C91AD00DF9B39 /* REMenuItemView.m */ = {isa = PBXFileReference; fileEncoding = 4; lastKnownFileType = sourcecode.c.objc; path = REMenuItemView.m; sourceTree = "<group>"; };
		A59DC73C181CA4E400DF9B39 /* Icon_Activity.png */ = {isa = PBXFileReference; lastKnownFileType = image.png; path = Icon_Activity.png; sourceTree = "<group>"; };
		A59DC73D181CA4E400DF9B39 /* Icon_Activity@2x.png */ = {isa = PBXFileReference; lastKnownFileType = image.png; path = "Icon_Activity@2x.png"; sourceTree = "<group>"; };
		A59DC73E181CA4E400DF9B39 /* Icon_Explore.png */ = {isa = PBXFileReference; lastKnownFileType = image.png; path = Icon_Explore.png; sourceTree = "<group>"; };
		A59DC73F181CA4E400DF9B39 /* Icon_Explore@2x.png */ = {isa = PBXFileReference; lastKnownFileType = image.png; path = "Icon_Explore@2x.png"; sourceTree = "<group>"; };
		A59DC740181CA4E400DF9B39 /* Icon_Home.png */ = {isa = PBXFileReference; lastKnownFileType = image.png; path = Icon_Home.png; sourceTree = "<group>"; };
		A59DC741181CA4E400DF9B39 /* Icon_Home@2x.png */ = {isa = PBXFileReference; lastKnownFileType = image.png; path = "Icon_Home@2x.png"; sourceTree = "<group>"; };
		A59DC742181CA4E400DF9B39 /* Icon_Profile.png */ = {isa = PBXFileReference; lastKnownFileType = image.png; path = Icon_Profile.png; sourceTree = "<group>"; };
		A59DC743181CA4E400DF9B39 /* Icon_Profile@2x.png */ = {isa = PBXFileReference; lastKnownFileType = image.png; path = "Icon_Profile@2x.png"; sourceTree = "<group>"; };
		A59DC74D181CAFC600DF9B39 /* RECommonFunctions.h */ = {isa = PBXFileReference; fileEncoding = 4; lastKnownFileType = sourcecode.c.h; path = RECommonFunctions.h; sourceTree = "<group>"; };
		A59DC74E181CAFC600DF9B39 /* RECommonFunctions.m */ = {isa = PBXFileReference; fileEncoding = 4; lastKnownFileType = sourcecode.c.objc; path = RECommonFunctions.m; sourceTree = "<group>"; };
		A59DC74F181CAFC600DF9B39 /* RESideMenu.h */ = {isa = PBXFileReference; fileEncoding = 4; lastKnownFileType = sourcecode.c.h; path = RESideMenu.h; sourceTree = "<group>"; };
		A59DC750181CAFC600DF9B39 /* RESideMenu.m */ = {isa = PBXFileReference; fileEncoding = 4; lastKnownFileType = sourcecode.c.objc; path = RESideMenu.m; sourceTree = "<group>"; };
		A59DC751181CAFC600DF9B39 /* UIViewController+RESideMenu.h */ = {isa = PBXFileReference; fileEncoding = 4; lastKnownFileType = sourcecode.c.h; path = "UIViewController+RESideMenu.h"; sourceTree = "<group>"; };
		A59DC752181CAFC600DF9B39 /* UIViewController+RESideMenu.m */ = {isa = PBXFileReference; fileEncoding = 4; lastKnownFileType = sourcecode.c.objc; path = "UIViewController+RESideMenu.m"; sourceTree = "<group>"; };
		A59DC75C181CB70C00DF9B39 /* Images.xcassets */ = {isa = PBXFileReference; lastKnownFileType = folder.assetcatalog; path = Images.xcassets; sourceTree = "<group>"; };
		A5A457FE184806DB00D54093 /* background.png */ = {isa = PBXFileReference; lastKnownFileType = image.png; path = background.png; sourceTree = "<group>"; };
		A5A4580018480A2A00D54093 /* down.png */ = {isa = PBXFileReference; lastKnownFileType = image.png; path = down.png; sourceTree = "<group>"; };
		A5A4580218480A4400D54093 /* list@2x.png */ = {isa = PBXFileReference; lastKnownFileType = image.png; path = "list@2x.png"; sourceTree = "<group>"; };
		A5A4580418480A6F00D54093 /* list.png */ = {isa = PBXFileReference; lastKnownFileType = image.png; path = list.png; sourceTree = "<group>"; };
		A5A99E151814BA7100C23847 /* ProgressHUD.bundle */ = {isa = PBXFileReference; lastKnownFileType = "wrapper.plug-in"; path = ProgressHUD.bundle; sourceTree = "<group>"; };
		A5A99E161814BA7100C23847 /* ProgressHUD.h */ = {isa = PBXFileReference; fileEncoding = 4; lastKnownFileType = sourcecode.c.h; path = ProgressHUD.h; sourceTree = "<group>"; };
		A5A99E171814BA7100C23847 /* ProgressHUD.m */ = {isa = PBXFileReference; fileEncoding = 4; lastKnownFileType = sourcecode.c.objc; path = ProgressHUD.m; sourceTree = "<group>"; };
		A5A99E1B1814CF8900C23847 /* DTAlertView.h */ = {isa = PBXFileReference; fileEncoding = 4; lastKnownFileType = sourcecode.c.h; path = DTAlertView.h; sourceTree = "<group>"; };
		A5A99E1C1814CF8900C23847 /* DTAlertView.m */ = {isa = PBXFileReference; fileEncoding = 4; lastKnownFileType = sourcecode.c.objc; path = DTAlertView.m; sourceTree = "<group>"; };
		A5A99E1D1814CF8900C23847 /* DTProgressStatus.h */ = {isa = PBXFileReference; fileEncoding = 4; lastKnownFileType = sourcecode.c.h; path = DTProgressStatus.h; sourceTree = "<group>"; };
		A5A99E1E1814CF8900C23847 /* DTProgressStatus.m */ = {isa = PBXFileReference; fileEncoding = 4; lastKnownFileType = sourcecode.c.objc; path = DTProgressStatus.m; sourceTree = "<group>"; };
		A5A99E211814D1DB00C23847 /* QuartzCore.framework */ = {isa = PBXFileReference; lastKnownFileType = wrapper.framework; name = QuartzCore.framework; path = System/Library/Frameworks/QuartzCore.framework; sourceTree = SDKROOT; };
		A5A99E231814E1E200C23847 /* Default.png */ = {isa = PBXFileReference; lastKnownFileType = image.png; path = Default.png; sourceTree = "<group>"; };
		A5A99E241814E1E200C23847 /* Default@2x.png */ = {isa = PBXFileReference; lastKnownFileType = image.png; path = "Default@2x.png"; sourceTree = "<group>"; };
		A5A99E251814E1E200C23847 /* Default~iphone.png */ = {isa = PBXFileReference; lastKnownFileType = image.png; path = "Default~iphone.png"; sourceTree = "<group>"; };
		A5A99E2B1817024000C23847 /* StoreKit.framework */ = {isa = PBXFileReference; lastKnownFileType = wrapper.framework; name = StoreKit.framework; path = System/Library/Frameworks/StoreKit.framework; sourceTree = SDKROOT; };
		A5AF05F3182DD5C8002AC141 /* GADAdMobExtras.h */ = {isa = PBXFileReference; fileEncoding = 4; lastKnownFileType = sourcecode.c.h; path = GADAdMobExtras.h; sourceTree = "<group>"; };
		A5AF05F4182DD5C8002AC141 /* GADAdNetworkExtras.h */ = {isa = PBXFileReference; fileEncoding = 4; lastKnownFileType = sourcecode.c.h; path = GADAdNetworkExtras.h; sourceTree = "<group>"; };
		A5AF05F5182DD5C8002AC141 /* GADAdSize.h */ = {isa = PBXFileReference; fileEncoding = 4; lastKnownFileType = sourcecode.c.h; path = GADAdSize.h; sourceTree = "<group>"; };
		A5AF05F6182DD5C8002AC141 /* GADBannerView.h */ = {isa = PBXFileReference; fileEncoding = 4; lastKnownFileType = sourcecode.c.h; path = GADBannerView.h; sourceTree = "<group>"; };
		A5AF05F7182DD5C8002AC141 /* GADBannerViewDelegate.h */ = {isa = PBXFileReference; fileEncoding = 4; lastKnownFileType = sourcecode.c.h; path = GADBannerViewDelegate.h; sourceTree = "<group>"; };
		A5AF05F8182DD5C8002AC141 /* GADInterstitial.h */ = {isa = PBXFileReference; fileEncoding = 4; lastKnownFileType = sourcecode.c.h; path = GADInterstitial.h; sourceTree = "<group>"; };
		A5AF05F9182DD5C8002AC141 /* GADInterstitialDelegate.h */ = {isa = PBXFileReference; fileEncoding = 4; lastKnownFileType = sourcecode.c.h; path = GADInterstitialDelegate.h; sourceTree = "<group>"; };
		A5AF05FA182DD5C8002AC141 /* GADRequestError.h */ = {isa = PBXFileReference; fileEncoding = 4; lastKnownFileType = sourcecode.c.h; path = GADRequestError.h; sourceTree = "<group>"; };
		A5AF05FB182DD5C8002AC141 /* GADRequest.h */ = {isa = PBXFileReference; fileEncoding = 4; lastKnownFileType = sourcecode.c.h; path = GADRequest.h; sourceTree = "<group>"; };
		A5AF05FD182DD5C8002AC141 /* libGoogleAdMobAds.a */ = {isa = PBXFileReference; lastKnownFileType = archive.ar; path = libGoogleAdMobAds.a; sourceTree = "<group>"; };
		A5AF0601182DD77B002AC141 /* MessageUI.framework */ = {isa = PBXFileReference; lastKnownFileType = wrapper.framework; name = MessageUI.framework; path = System/Library/Frameworks/MessageUI.framework; sourceTree = SDKROOT; };
		A5AF0603182DD787002AC141 /* SystemConfiguration.framework */ = {isa = PBXFileReference; lastKnownFileType = wrapper.framework; name = SystemConfiguration.framework; path = System/Library/Frameworks/SystemConfiguration.framework; sourceTree = SDKROOT; };
		A5AF0605182DD797002AC141 /* AdSupport.framework */ = {isa = PBXFileReference; lastKnownFileType = wrapper.framework; name = AdSupport.framework; path = System/Library/Frameworks/AdSupport.framework; sourceTree = SDKROOT; };
		A5AF0607182DD7A4002AC141 /* AudioToolbox.framework */ = {isa = PBXFileReference; lastKnownFileType = wrapper.framework; name = AudioToolbox.framework; path = System/Library/Frameworks/AudioToolbox.framework; sourceTree = SDKROOT; };
		A5B51CCE17AA1AFD00334619 /* feemur.app */ = {isa = PBXFileReference; explicitFileType = wrapper.application; includeInIndex = 0; path = feemur.app; sourceTree = BUILT_PRODUCTS_DIR; };
		A5B51CD117AA1AFD00334619 /* UIKit.framework */ = {isa = PBXFileReference; lastKnownFileType = wrapper.framework; name = UIKit.framework; path = System/Library/Frameworks/UIKit.framework; sourceTree = SDKROOT; };
		A5B51CD317AA1AFD00334619 /* Foundation.framework */ = {isa = PBXFileReference; lastKnownFileType = wrapper.framework; name = Foundation.framework; path = System/Library/Frameworks/Foundation.framework; sourceTree = SDKROOT; };
		A5B51CD517AA1AFD00334619 /* CoreGraphics.framework */ = {isa = PBXFileReference; lastKnownFileType = wrapper.framework; name = CoreGraphics.framework; path = System/Library/Frameworks/CoreGraphics.framework; sourceTree = SDKROOT; };
		A5B51CD917AA1AFD00334619 /* feemur-Info.plist */ = {isa = PBXFileReference; lastKnownFileType = text.plist.xml; path = "feemur-Info.plist"; sourceTree = "<group>"; };
		A5B51CDB17AA1AFD00334619 /* en */ = {isa = PBXFileReference; lastKnownFileType = text.plist.strings; name = en; path = en.lproj/InfoPlist.strings; sourceTree = "<group>"; };
		A5B51CDD17AA1AFD00334619 /* main.m */ = {isa = PBXFileReference; lastKnownFileType = sourcecode.c.objc; path = main.m; sourceTree = "<group>"; };
		A5B51CDF17AA1AFD00334619 /* feemur-Prefix.pch */ = {isa = PBXFileReference; lastKnownFileType = sourcecode.c.h; path = "feemur-Prefix.pch"; sourceTree = "<group>"; };
		A5B51CE017AA1AFD00334619 /* AppDelegate.h */ = {isa = PBXFileReference; lastKnownFileType = sourcecode.c.h; path = AppDelegate.h; sourceTree = "<group>"; };
		A5B51CE117AA1AFD00334619 /* AppDelegate.m */ = {isa = PBXFileReference; lastKnownFileType = sourcecode.c.objc; path = AppDelegate.m; sourceTree = "<group>"; };
		A5B51CEA17AA1AFE00334619 /* en */ = {isa = PBXFileReference; lastKnownFileType = file.storyboard; name = en; path = en.lproj/MainStoryboard_iPhone.storyboard; sourceTree = "<group>"; };
		A5B51CED17AA1AFE00334619 /* en */ = {isa = PBXFileReference; lastKnownFileType = file.storyboard; name = en; path = en.lproj/MainStoryboard_iPad.storyboard; sourceTree = "<group>"; };
		A5B51CEF17AA1AFE00334619 /* FirstViewController.h */ = {isa = PBXFileReference; lastKnownFileType = sourcecode.c.h; path = FirstViewController.h; sourceTree = "<group>"; };
		A5B51CF017AA1AFE00334619 /* FirstViewController.m */ = {isa = PBXFileReference; lastKnownFileType = sourcecode.c.objc; path = FirstViewController.m; sourceTree = "<group>"; };
		A5B51CF217AA1AFE00334619 /* first.png */ = {isa = PBXFileReference; lastKnownFileType = image.png; path = first.png; sourceTree = "<group>"; };
		A5B51CF417AA1AFE00334619 /* first@2x.png */ = {isa = PBXFileReference; lastKnownFileType = image.png; path = "first@2x.png"; sourceTree = "<group>"; };
		A5B51CF617AA1AFE00334619 /* SecondViewController.h */ = {isa = PBXFileReference; lastKnownFileType = sourcecode.c.h; path = SecondViewController.h; sourceTree = "<group>"; };
		A5B51CF717AA1AFE00334619 /* SecondViewController.m */ = {isa = PBXFileReference; lastKnownFileType = sourcecode.c.objc; path = SecondViewController.m; sourceTree = "<group>"; };
		A5B51CF917AA1AFE00334619 /* second.png */ = {isa = PBXFileReference; lastKnownFileType = image.png; path = second.png; sourceTree = "<group>"; };
		A5B51CFB17AA1AFE00334619 /* second@2x.png */ = {isa = PBXFileReference; lastKnownFileType = image.png; path = "second@2x.png"; sourceTree = "<group>"; };
		A5B51D0217AA1AFE00334619 /* feemurTests.octest */ = {isa = PBXFileReference; explicitFileType = wrapper.cfbundle; includeInIndex = 0; path = feemurTests.octest; sourceTree = BUILT_PRODUCTS_DIR; };
		A5B51D0317AA1AFE00334619 /* SenTestingKit.framework */ = {isa = PBXFileReference; lastKnownFileType = wrapper.framework; name = SenTestingKit.framework; path = Library/Frameworks/SenTestingKit.framework; sourceTree = DEVELOPER_DIR; };
		A5B51D0B17AA1AFE00334619 /* feemurTests-Info.plist */ = {isa = PBXFileReference; lastKnownFileType = text.plist.xml; path = "feemurTests-Info.plist"; sourceTree = "<group>"; };
		A5B51D0D17AA1AFE00334619 /* en */ = {isa = PBXFileReference; lastKnownFileType = text.plist.strings; name = en; path = en.lproj/InfoPlist.strings; sourceTree = "<group>"; };
		A5B51D0F17AA1AFE00334619 /* feemurTests.h */ = {isa = PBXFileReference; lastKnownFileType = sourcecode.c.h; path = feemurTests.h; sourceTree = "<group>"; };
		A5B51D1017AA1AFE00334619 /* feemurTests.m */ = {isa = PBXFileReference; lastKnownFileType = sourcecode.c.objc; path = feemurTests.m; sourceTree = "<group>"; };
		A5B51D1B17AB74CD00334619 /* PocketHandler.h */ = {isa = PBXFileReference; fileEncoding = 4; lastKnownFileType = sourcecode.c.h; path = PocketHandler.h; sourceTree = "<group>"; };
		A5B51D1C17AB74CD00334619 /* PocketHandler.m */ = {isa = PBXFileReference; fileEncoding = 4; lastKnownFileType = sourcecode.c.objc; path = PocketHandler.m; sourceTree = "<group>"; };
		A5B51D1F17AD964800334619 /* PocketAPI+NSOperation.h */ = {isa = PBXFileReference; fileEncoding = 4; lastKnownFileType = sourcecode.c.h; path = "PocketAPI+NSOperation.h"; sourceTree = "<group>"; };
		A5B51D2017AD964800334619 /* PocketAPI.h */ = {isa = PBXFileReference; fileEncoding = 4; lastKnownFileType = sourcecode.c.h; path = PocketAPI.h; sourceTree = "<group>"; };
		A5B51D2117AD964800334619 /* PocketAPI.m */ = {isa = PBXFileReference; fileEncoding = 4; lastKnownFileType = sourcecode.c.objc; path = PocketAPI.m; sourceTree = "<group>"; };
		A5B51D2217AD964800334619 /* PocketAPILogin.h */ = {isa = PBXFileReference; fileEncoding = 4; lastKnownFileType = sourcecode.c.h; path = PocketAPILogin.h; sourceTree = "<group>"; };
		A5B51D2317AD964800334619 /* PocketAPILogin.m */ = {isa = PBXFileReference; fileEncoding = 4; lastKnownFileType = sourcecode.c.objc; path = PocketAPILogin.m; sourceTree = "<group>"; };
		A5B51D2417AD964800334619 /* PocketAPIOperation.h */ = {isa = PBXFileReference; fileEncoding = 4; lastKnownFileType = sourcecode.c.h; path = PocketAPIOperation.h; sourceTree = "<group>"; };
		A5B51D2517AD964800334619 /* PocketAPIOperation.m */ = {isa = PBXFileReference; fileEncoding = 4; lastKnownFileType = sourcecode.c.objc; path = PocketAPIOperation.m; sourceTree = "<group>"; };
		A5B51D2617AD964800334619 /* PocketAPITypes.h */ = {isa = PBXFileReference; fileEncoding = 4; lastKnownFileType = sourcecode.c.h; path = PocketAPITypes.h; sourceTree = "<group>"; };
		A5B51D2717AD964800334619 /* SFHFKeychainUtils.h */ = {isa = PBXFileReference; fileEncoding = 4; lastKnownFileType = sourcecode.c.h; path = SFHFKeychainUtils.h; sourceTree = "<group>"; };
		A5B51D2817AD964800334619 /* SFHFKeychainUtils.m */ = {isa = PBXFileReference; fileEncoding = 4; lastKnownFileType = sourcecode.c.objc; path = SFHFKeychainUtils.m; sourceTree = "<group>"; };
		A5B51D2D17AD96A800334619 /* Security.framework */ = {isa = PBXFileReference; lastKnownFileType = wrapper.framework; name = Security.framework; path = System/Library/Frameworks/Security.framework; sourceTree = SDKROOT; };
		A5B51D2F17AF11E400334619 /* API.m */ = {isa = PBXFileReference; fileEncoding = 4; lastKnownFileType = sourcecode.c.objc; path = API.m; sourceTree = "<group>"; };
		A5B51D3017AF11E400334619 /* API.h */ = {isa = PBXFileReference; fileEncoding = 4; lastKnownFileType = sourcecode.c.h; path = API.h; sourceTree = "<group>"; };
		A5B51D3317AF11FA00334619 /* AFHTTPClient.h */ = {isa = PBXFileReference; fileEncoding = 4; lastKnownFileType = sourcecode.c.h; path = AFHTTPClient.h; sourceTree = "<group>"; };
		A5B51D3417AF11FA00334619 /* AFHTTPClient.m */ = {isa = PBXFileReference; fileEncoding = 4; lastKnownFileType = sourcecode.c.objc; path = AFHTTPClient.m; sourceTree = "<group>"; };
		A5B51D3517AF11FA00334619 /* AFHTTPRequestOperation.h */ = {isa = PBXFileReference; fileEncoding = 4; lastKnownFileType = sourcecode.c.h; path = AFHTTPRequestOperation.h; sourceTree = "<group>"; };
		A5B51D3617AF11FA00334619 /* AFHTTPRequestOperation.m */ = {isa = PBXFileReference; fileEncoding = 4; lastKnownFileType = sourcecode.c.objc; path = AFHTTPRequestOperation.m; sourceTree = "<group>"; };
		A5B51D3717AF11FA00334619 /* AFImageRequestOperation.h */ = {isa = PBXFileReference; fileEncoding = 4; lastKnownFileType = sourcecode.c.h; path = AFImageRequestOperation.h; sourceTree = "<group>"; };
		A5B51D3817AF11FA00334619 /* AFImageRequestOperation.m */ = {isa = PBXFileReference; fileEncoding = 4; lastKnownFileType = sourcecode.c.objc; path = AFImageRequestOperation.m; sourceTree = "<group>"; };
		A5B51D3917AF11FA00334619 /* AFJSONRequestOperation.h */ = {isa = PBXFileReference; fileEncoding = 4; lastKnownFileType = sourcecode.c.h; path = AFJSONRequestOperation.h; sourceTree = "<group>"; };
		A5B51D3A17AF11FA00334619 /* AFJSONRequestOperation.m */ = {isa = PBXFileReference; fileEncoding = 4; lastKnownFileType = sourcecode.c.objc; path = AFJSONRequestOperation.m; sourceTree = "<group>"; };
		A5B51D3B17AF11FA00334619 /* AFNetworkActivityIndicatorManager.h */ = {isa = PBXFileReference; fileEncoding = 4; lastKnownFileType = sourcecode.c.h; path = AFNetworkActivityIndicatorManager.h; sourceTree = "<group>"; };
		A5B51D3C17AF11FA00334619 /* AFNetworkActivityIndicatorManager.m */ = {isa = PBXFileReference; fileEncoding = 4; lastKnownFileType = sourcecode.c.objc; path = AFNetworkActivityIndicatorManager.m; sourceTree = "<group>"; };
		A5B51D3D17AF11FA00334619 /* AFNetworking.h */ = {isa = PBXFileReference; fileEncoding = 4; lastKnownFileType = sourcecode.c.h; path = AFNetworking.h; sourceTree = "<group>"; };
		A5B51D3E17AF11FA00334619 /* AFPropertyListRequestOperation.h */ = {isa = PBXFileReference; fileEncoding = 4; lastKnownFileType = sourcecode.c.h; path = AFPropertyListRequestOperation.h; sourceTree = "<group>"; };
		A5B51D3F17AF11FA00334619 /* AFPropertyListRequestOperation.m */ = {isa = PBXFileReference; fileEncoding = 4; lastKnownFileType = sourcecode.c.objc; path = AFPropertyListRequestOperation.m; sourceTree = "<group>"; };
		A5B51D4017AF11FA00334619 /* AFURLConnectionOperation.h */ = {isa = PBXFileReference; fileEncoding = 4; lastKnownFileType = sourcecode.c.h; path = AFURLConnectionOperation.h; sourceTree = "<group>"; };
		A5B51D4117AF11FA00334619 /* AFURLConnectionOperation.m */ = {isa = PBXFileReference; fileEncoding = 4; lastKnownFileType = sourcecode.c.objc; path = AFURLConnectionOperation.m; sourceTree = "<group>"; };
		A5B51D4217AF11FA00334619 /* AFXMLRequestOperation.h */ = {isa = PBXFileReference; fileEncoding = 4; lastKnownFileType = sourcecode.c.h; path = AFXMLRequestOperation.h; sourceTree = "<group>"; };
		A5B51D4317AF11FA00334619 /* AFXMLRequestOperation.m */ = {isa = PBXFileReference; fileEncoding = 4; lastKnownFileType = sourcecode.c.objc; path = AFXMLRequestOperation.m; sourceTree = "<group>"; };
		A5B51D4417AF11FA00334619 /* UIImageView+AFNetworking.h */ = {isa = PBXFileReference; fileEncoding = 4; lastKnownFileType = sourcecode.c.h; path = "UIImageView+AFNetworking.h"; sourceTree = "<group>"; };
		A5B51D4517AF11FA00334619 /* UIImageView+AFNetworking.m */ = {isa = PBXFileReference; fileEncoding = 4; lastKnownFileType = sourcecode.c.objc; path = "UIImageView+AFNetworking.m"; sourceTree = "<group>"; };
		A5BA3C3717E8E15D005AB2F0 /* check.png */ = {isa = PBXFileReference; lastKnownFileType = image.png; path = check.png; sourceTree = "<group>"; };
		A5BA3C3817E8E15D005AB2F0 /* check@2x.png */ = {isa = PBXFileReference; lastKnownFileType = image.png; path = "check@2x.png"; sourceTree = "<group>"; };
		A5BA3C3917E8E15D005AB2F0 /* clock.png */ = {isa = PBXFileReference; lastKnownFileType = image.png; path = clock.png; sourceTree = "<group>"; };
		A5BA3C3A17E8E15D005AB2F0 /* clock@2x.png */ = {isa = PBXFileReference; lastKnownFileType = image.png; path = "clock@2x.png"; sourceTree = "<group>"; };
		A5BA3C3B17E8E15D005AB2F0 /* cross.png */ = {isa = PBXFileReference; lastKnownFileType = image.png; path = cross.png; sourceTree = "<group>"; };
		A5BA3C3C17E8E15D005AB2F0 /* cross@2x.png */ = {isa = PBXFileReference; lastKnownFileType = image.png; path = "cross@2x.png"; sourceTree = "<group>"; };
		A5BA3C4717E8E16B005AB2F0 /* MCSwipeTableViewCell.h */ = {isa = PBXFileReference; fileEncoding = 4; lastKnownFileType = sourcecode.c.h; path = MCSwipeTableViewCell.h; sourceTree = "<group>"; };
		A5BA3C4817E8E16B005AB2F0 /* MCSwipeTableViewCell.m */ = {isa = PBXFileReference; fileEncoding = 4; lastKnownFileType = sourcecode.c.objc; path = MCSwipeTableViewCell.m; sourceTree = "<group>"; };
		A5D1CEF418131C7E0033F552 /* FeemurAppIcon_retina7.png */ = {isa = PBXFileReference; lastKnownFileType = image.png; path = FeemurAppIcon_retina7.png; sourceTree = "<group>"; };
		A5D1CEF518131C7E0033F552 /* FeemurAppIcon.png */ = {isa = PBXFileReference; lastKnownFileType = image.png; path = FeemurAppIcon.png; sourceTree = "<group>"; };
		A5D1CEF618131C7E0033F552 /* FeemurAppIcon_retina.png */ = {isa = PBXFileReference; lastKnownFileType = image.png; path = FeemurAppIcon_retina.png; sourceTree = "<group>"; };
		A5D1CEFA1813691E0033F552 /* forward.png */ = {isa = PBXFileReference; lastKnownFileType = image.png; path = forward.png; sourceTree = "<group>"; };
		A5D1CEFB1813691E0033F552 /* back.png */ = {isa = PBXFileReference; lastKnownFileType = image.png; path = back.png; sourceTree = "<group>"; };
		A5D1CEFE18136D340033F552 /* LinkViewController.h */ = {isa = PBXFileReference; fileEncoding = 4; lastKnownFileType = sourcecode.c.h; path = LinkViewController.h; sourceTree = "<group>"; };
		A5D1CEFF18136D340033F552 /* LinkViewController.m */ = {isa = PBXFileReference; fileEncoding = 4; lastKnownFileType = sourcecode.c.objc; path = LinkViewController.m; sourceTree = "<group>"; };
/* End PBXFileReference section */

/* Begin PBXFrameworksBuildPhase section */
		A5B51CCB17AA1AFD00334619 /* Frameworks */ = {
			isa = PBXFrameworksBuildPhase;
			buildActionMask = 2147483647;
			files = (
				A511C4BE1840A0A5002E9072 /* libz.dylib in Frameworks */,
				A511C4BC1840A084002E9072 /* CoreData.framework in Frameworks */,
				A5AF0608182DD7A4002AC141 /* AudioToolbox.framework in Frameworks */,
				A5AF0606182DD797002AC141 /* AdSupport.framework in Frameworks */,
				A5AF0604182DD787002AC141 /* SystemConfiguration.framework in Frameworks */,
				A511C4BA1840A061002E9072 /* libGoogleAnalyticsServices.a in Frameworks */,
				A5AF0602182DD77B002AC141 /* MessageUI.framework in Frameworks */,
				A59DC7181818D0EF00DF9B39 /* CoreImage.framework in Frameworks */,
				A5AF05FF182DD5C8002AC141 /* libGoogleAdMobAds.a in Frameworks */,
				A5A99E2C1817024100C23847 /* StoreKit.framework in Frameworks */,
				A5A99E221814D1DB00C23847 /* QuartzCore.framework in Frameworks */,
				A5B51D2E17AD96A800334619 /* Security.framework in Frameworks */,
				A5B51CD217AA1AFD00334619 /* UIKit.framework in Frameworks */,
				A5B51CD417AA1AFD00334619 /* Foundation.framework in Frameworks */,
				A5B51CD617AA1AFD00334619 /* CoreGraphics.framework in Frameworks */,
			);
			runOnlyForDeploymentPostprocessing = 0;
		};
		A5B51CFE17AA1AFE00334619 /* Frameworks */ = {
			isa = PBXFrameworksBuildPhase;
			buildActionMask = 2147483647;
			files = (
				A5B51D0417AA1AFE00334619 /* SenTestingKit.framework in Frameworks */,
				A5B51D0517AA1AFE00334619 /* UIKit.framework in Frameworks */,
				A5B51D0617AA1AFE00334619 /* Foundation.framework in Frameworks */,
			);
			runOnlyForDeploymentPostprocessing = 0;
		};
/* End PBXFrameworksBuildPhase section */

/* Begin PBXGroup section */
		A502803117DD25B800A0D2FB /* Old */ = {
			isa = PBXGroup;
			children = (
				A5B51CF617AA1AFE00334619 /* SecondViewController.h */,
				A5B51CF717AA1AFE00334619 /* SecondViewController.m */,
				A5B51CF017AA1AFE00334619 /* FirstViewController.m */,
				A5B51CEF17AA1AFE00334619 /* FirstViewController.h */,
			);
			name = Old;
			sourceTree = "<group>";
		};
		A511C4791838C121002E9072 /* Libraries */ = {
			isa = PBXGroup;
			children = (
				A511C46B1838C119002E9072 /* ICETutorialController.h */,
				A511C46C1838C119002E9072 /* ICETutorialController.m */,
				A511C46D1838C119002E9072 /* ICETutorialPage.h */,
				A511C46E1838C119002E9072 /* ICETutorialPage.m */,
				A511C46F1838C119002E9072 /* NSString+FontAwesome.h */,
				A511C4701838C119002E9072 /* NSString+FontAwesome.m */,
				A511C4711838C119002E9072 /* UIButton+Bootstrap.h */,
				A511C4721838C119002E9072 /* UIButton+Bootstrap.m */,
				A511C4731838C119002E9072 /* FontAwesome.ttf */,
			);
			name = Libraries;
			sourceTree = "<group>";
		};
		A511C4B81840A032002E9072 /* GAI */ = {
			isa = PBXGroup;
			children = (
				A511C4B91840A061002E9072 /* libGoogleAnalyticsServices.a */,
				A511C4BF1840A48A002E9072 /* GAI.h */,
				A511C4C01840A48A002E9072 /* GAIDictionaryBuilder.h */,
				A511C4C11840A48A002E9072 /* GAIFields.h */,
				A511C4C21840A48A002E9072 /* GAILogger.h */,
				A511C4C31840A48A002E9072 /* GAITrackedViewController.h */,
				A511C4C41840A48A002E9072 /* GAITracker.h */,
			);
			name = GAI;
			path = feemur;
			sourceTree = "<group>";
		};
		A59DC72C181C91AD00DF9B39 /* REMenu */ = {
			isa = PBXGroup;
			children = (
				A59DC72F181C91AD00DF9B39 /* REMenu.h */,
				A59DC730181C91AD00DF9B39 /* REMenu.m */,
				A59DC731181C91AD00DF9B39 /* REMenuContainerView.h */,
				A59DC732181C91AD00DF9B39 /* REMenuContainerView.m */,
				A59DC733181C91AD00DF9B39 /* REMenuItem.h */,
				A59DC734181C91AD00DF9B39 /* REMenuItem.m */,
				A59DC735181C91AD00DF9B39 /* REMenuItemView.h */,
				A59DC736181C91AD00DF9B39 /* REMenuItemView.m */,
			);
			path = REMenu;
			sourceTree = "<group>";
		};
		A59DC74C181CAFC600DF9B39 /* RESideMenu */ = {
			isa = PBXGroup;
			children = (
				A59DC74D181CAFC600DF9B39 /* RECommonFunctions.h */,
				A59DC74E181CAFC600DF9B39 /* RECommonFunctions.m */,
				A59DC74F181CAFC600DF9B39 /* RESideMenu.h */,
				A59DC750181CAFC600DF9B39 /* RESideMenu.m */,
				A59DC751181CAFC600DF9B39 /* UIViewController+RESideMenu.h */,
				A59DC752181CAFC600DF9B39 /* UIViewController+RESideMenu.m */,
			);
			path = RESideMenu;
			sourceTree = "<group>";
		};
		A5A457F81847CC6F00D54093 /* iPad */ = {
			isa = PBXGroup;
			children = (
			);
			name = iPad;
			sourceTree = "<group>";
		};
		A5A99E141814BA7100C23847 /* ProgressHUD */ = {
			isa = PBXGroup;
			children = (
				A5A99E151814BA7100C23847 /* ProgressHUD.bundle */,
				A5A99E161814BA7100C23847 /* ProgressHUD.h */,
				A5A99E171814BA7100C23847 /* ProgressHUD.m */,
			);
			path = ProgressHUD;
			sourceTree = "<group>";
		};
		A5A99E1A1814CF8900C23847 /* DTAlertView */ = {
			isa = PBXGroup;
			children = (
				A5A99E1B1814CF8900C23847 /* DTAlertView.h */,
				A5A99E1C1814CF8900C23847 /* DTAlertView.m */,
				A5A99E1D1814CF8900C23847 /* DTProgressStatus.h */,
				A5A99E1E1814CF8900C23847 /* DTProgressStatus.m */,
			);
			path = DTAlertView;
			sourceTree = "<group>";
		};
		A5AF0600182DD70C002AC141 /* GAD */ = {
			isa = PBXGroup;
			children = (
				A5AF05F3182DD5C8002AC141 /* GADAdMobExtras.h */,
				A5AF05F4182DD5C8002AC141 /* GADAdNetworkExtras.h */,
				A5AF05F5182DD5C8002AC141 /* GADAdSize.h */,
				A5AF05F6182DD5C8002AC141 /* GADBannerView.h */,
				A5AF05F7182DD5C8002AC141 /* GADBannerViewDelegate.h */,
				A5AF05F8182DD5C8002AC141 /* GADInterstitial.h */,
				A5AF05F9182DD5C8002AC141 /* GADInterstitialDelegate.h */,
				A5AF05FA182DD5C8002AC141 /* GADRequestError.h */,
				A5AF05FB182DD5C8002AC141 /* GADRequest.h */,
				A5AF05FD182DD5C8002AC141 /* libGoogleAdMobAds.a */,
			);
			name = GAD;
			sourceTree = "<group>";
		};
		A5B51CC517AA1AFD00334619 = {
			isa = PBXGroup;
			children = (
				A5D1CEF418131C7E0033F552 /* FeemurAppIcon_retina7.png */,
				A5D1CEF518131C7E0033F552 /* FeemurAppIcon.png */,
				A5D1CEF618131C7E0033F552 /* FeemurAppIcon_retina.png */,
				A5D1CEFA1813691E0033F552 /* forward.png */,
				A5D1CEFB1813691E0033F552 /* back.png */,
				A5A99E231814E1E200C23847 /* Default.png */,
				A5A99E241814E1E200C23847 /* Default@2x.png */,
				A5A99E251814E1E200C23847 /* Default~iphone.png */,
				A511C4691838A207002E9072 /* selected.png */,
				A511C4B81840A032002E9072 /* GAI */,
				A5AF0600182DD70C002AC141 /* GAD */,
				A59DC74C181CAFC600DF9B39 /* RESideMenu */,
				A59DC72C181C91AD00DF9B39 /* REMenu */,
				A5A99E1A1814CF8900C23847 /* DTAlertView */,
				A5A99E141814BA7100C23847 /* ProgressHUD */,
				A5B51D3217AF11FA00334619 /* AFNetworking */,
				A5B51D2D17AD96A800334619 /* Security.framework */,
				A5B51D1E17AD964800334619 /* SDK */,
				A5B51CD717AA1AFD00334619 /* feemur */,
				A5B51D0917AA1AFE00334619 /* feemurTests */,
				A5B51CD017AA1AFD00334619 /* Frameworks */,
				A5B51CCF17AA1AFD00334619 /* Products */,
			);
			sourceTree = "<group>";
		};
		A5B51CCF17AA1AFD00334619 /* Products */ = {
			isa = PBXGroup;
			children = (
				A5B51CCE17AA1AFD00334619 /* feemur.app */,
				A5B51D0217AA1AFE00334619 /* feemurTests.octest */,
			);
			name = Products;
			sourceTree = "<group>";
		};
		A5B51CD017AA1AFD00334619 /* Frameworks */ = {
			isa = PBXGroup;
			children = (
				A511C4BD1840A0A5002E9072 /* libz.dylib */,
				A511C4BB1840A084002E9072 /* CoreData.framework */,
				A5AF0607182DD7A4002AC141 /* AudioToolbox.framework */,
				A5AF0605182DD797002AC141 /* AdSupport.framework */,
				A5AF0603182DD787002AC141 /* SystemConfiguration.framework */,
				A5AF0601182DD77B002AC141 /* MessageUI.framework */,
				A535F8891827351D0069D7ED /* libcommonCrypto.dylib */,
				A59DC7161818D07A00DF9B39 /* CoreImage.framework */,
				A5A99E2B1817024000C23847 /* StoreKit.framework */,
				A5A99E211814D1DB00C23847 /* QuartzCore.framework */,
				A5B51CD117AA1AFD00334619 /* UIKit.framework */,
				A5B51CD317AA1AFD00334619 /* Foundation.framework */,
				A5B51CD517AA1AFD00334619 /* CoreGraphics.framework */,
				A5B51D0317AA1AFE00334619 /* SenTestingKit.framework */,
			);
			name = Frameworks;
			sourceTree = "<group>";
		};
		A5B51CD717AA1AFD00334619 /* feemur */ = {
			isa = PBXGroup;
			children = (
				A5A457F81847CC6F00D54093 /* iPad */,
				A511C4791838C121002E9072 /* Libraries */,
				A5BA3C3617E8E15D005AB2F0 /* Images */,
				A5B51D3017AF11E400334619 /* API.h */,
				A5B51D2F17AF11E400334619 /* API.m */,
				A576090817E2A7F4003F4106 /* KeychainItemWrapper.h */,
				A576090917E2A7F4003F4106 /* KeychainItemWrapper.m */,
				A592E04317DA5C2900E41FA6 /* DataHandler.h */,
				A592E04417DA5C2900E41FA6 /* DataHandler.m */,
				A5B51CE017AA1AFD00334619 /* AppDelegate.h */,
				A5B51CE117AA1AFD00334619 /* AppDelegate.m */,
				A59DC7131818CE1000DF9B39 /* RootViewController.h */,
				A59DC7141818CE1000DF9B39 /* RootViewController.m */,
				A51F3A1D17C97C6D008C6C39 /* FeemurHandler.h */,
				A51F3A1E17C97C6D008C6C39 /* FeemurHandler.m */,
				A5B51D1B17AB74CD00334619 /* PocketHandler.h */,
				A5B51D1C17AB74CD00334619 /* PocketHandler.m */,
				A5B51CE917AA1AFE00334619 /* MainStoryboard_iPhone.storyboard */,
				A5B51CEC17AA1AFE00334619 /* MainStoryboard_iPad.storyboard */,
				A51F3A1717C979F4008C6C39 /* FeedViewController.h */,
				A51F3A1817C979F4008C6C39 /* FeedViewController.m */,
				A5BA3C4717E8E16B005AB2F0 /* MCSwipeTableViewCell.h */,
				A5BA3C4817E8E16B005AB2F0 /* MCSwipeTableViewCell.m */,
				A59DC7101818CD4300DF9B39 /* MenuViewController.h */,
				A59DC7111818CD4300DF9B39 /* MenuViewController.m */,
				A5D1CEFE18136D340033F552 /* LinkViewController.h */,
				A5D1CEFF18136D340033F552 /* LinkViewController.m */,
				A51F3A1A17C97A12008C6C39 /* HomeViewController.h */,
				A51F3A1B17C97A12008C6C39 /* HomeViewController.m */,
				A576090B17E2AA64003F4106 /* LoginViewController.h */,
				A576090C17E2AA64003F4106 /* LoginViewController.m */,
				A502803117DD25B800A0D2FB /* Old */,
				A5B51CF217AA1AFE00334619 /* first.png */,
				A5B51CF417AA1AFE00334619 /* first@2x.png */,
				A5B51CF917AA1AFE00334619 /* second.png */,
				A5B51CFB17AA1AFE00334619 /* second@2x.png */,
				A59DC75C181CB70C00DF9B39 /* Images.xcassets */,
				A5B51CD817AA1AFD00334619 /* Supporting Files */,
			);
			path = feemur;
			sourceTree = "<group>";
		};
		A5B51CD817AA1AFD00334619 /* Supporting Files */ = {
			isa = PBXGroup;
			children = (
				A5B51CD917AA1AFD00334619 /* feemur-Info.plist */,
				A5B51CDA17AA1AFD00334619 /* InfoPlist.strings */,
				A511C47A1838C29A002E9072 /* ICETutorialController_iPad.xib */,
				A511C47B1838C29A002E9072 /* ICETutorialController_iPhone.xib */,
				A5B51CDD17AA1AFD00334619 /* main.m */,
				A5B51CDF17AA1AFD00334619 /* feemur-Prefix.pch */,
			);
			name = "Supporting Files";
			sourceTree = "<group>";
		};
		A5B51D0917AA1AFE00334619 /* feemurTests */ = {
			isa = PBXGroup;
			children = (
				A5B51D0F17AA1AFE00334619 /* feemurTests.h */,
				A5B51D1017AA1AFE00334619 /* feemurTests.m */,
				A5B51D0A17AA1AFE00334619 /* Supporting Files */,
			);
			path = feemurTests;
			sourceTree = "<group>";
		};
		A5B51D0A17AA1AFE00334619 /* Supporting Files */ = {
			isa = PBXGroup;
			children = (
				A5B51D0B17AA1AFE00334619 /* feemurTests-Info.plist */,
				A5B51D0C17AA1AFE00334619 /* InfoPlist.strings */,
			);
			name = "Supporting Files";
			sourceTree = "<group>";
		};
		A5B51D1E17AD964800334619 /* SDK */ = {
			isa = PBXGroup;
			children = (
				A5B51D1F17AD964800334619 /* PocketAPI+NSOperation.h */,
				A5B51D2017AD964800334619 /* PocketAPI.h */,
				A5B51D2117AD964800334619 /* PocketAPI.m */,
				A5B51D2217AD964800334619 /* PocketAPILogin.h */,
				A5B51D2317AD964800334619 /* PocketAPILogin.m */,
				A5B51D2417AD964800334619 /* PocketAPIOperation.h */,
				A5B51D2517AD964800334619 /* PocketAPIOperation.m */,
				A5B51D2617AD964800334619 /* PocketAPITypes.h */,
				A5B51D2717AD964800334619 /* SFHFKeychainUtils.h */,
				A5B51D2817AD964800334619 /* SFHFKeychainUtils.m */,
			);
			path = SDK;
			sourceTree = "<group>";
		};
		A5B51D3217AF11FA00334619 /* AFNetworking */ = {
			isa = PBXGroup;
			children = (
				A5B51D3317AF11FA00334619 /* AFHTTPClient.h */,
				A5B51D3417AF11FA00334619 /* AFHTTPClient.m */,
				A5B51D3517AF11FA00334619 /* AFHTTPRequestOperation.h */,
				A5B51D3617AF11FA00334619 /* AFHTTPRequestOperation.m */,
				A5B51D3717AF11FA00334619 /* AFImageRequestOperation.h */,
				A5B51D3817AF11FA00334619 /* AFImageRequestOperation.m */,
				A5B51D3917AF11FA00334619 /* AFJSONRequestOperation.h */,
				A5B51D3A17AF11FA00334619 /* AFJSONRequestOperation.m */,
				A5B51D3B17AF11FA00334619 /* AFNetworkActivityIndicatorManager.h */,
				A5B51D3C17AF11FA00334619 /* AFNetworkActivityIndicatorManager.m */,
				A5B51D3D17AF11FA00334619 /* AFNetworking.h */,
				A5B51D3E17AF11FA00334619 /* AFPropertyListRequestOperation.h */,
				A5B51D3F17AF11FA00334619 /* AFPropertyListRequestOperation.m */,
				A5B51D4017AF11FA00334619 /* AFURLConnectionOperation.h */,
				A5B51D4117AF11FA00334619 /* AFURLConnectionOperation.m */,
				A5B51D4217AF11FA00334619 /* AFXMLRequestOperation.h */,
				A5B51D4317AF11FA00334619 /* AFXMLRequestOperation.m */,
				A5B51D4417AF11FA00334619 /* UIImageView+AFNetworking.h */,
				A5B51D4517AF11FA00334619 /* UIImageView+AFNetworking.m */,
			);
			path = AFNetworking;
			sourceTree = "<group>";
		};
		A5BA3C3617E8E15D005AB2F0 /* Images */ = {
			isa = PBXGroup;
			children = (
				A5A457FE184806DB00D54093 /* background.png */,
				A5A4580018480A2A00D54093 /* down.png */,
				A511C49A1838D16E002E9072 /* more-icon.png */,
				A511C49B1838D16E002E9072 /* more-icon@2x.png */,
				A511C47F1838C329002E9072 /* monumentWCdropin4.png */,
				A511C4801838C329002E9072 /* monumentWbdropin4.png */,
				A511C4841838C329002E9072 /* Slide1.png */,
				A511C4851838C329002E9072 /* Slide_two.jpg */,
				A511C4861838C329002E9072 /* background-gradient.png */,
				A511C4871838C329002E9072 /* background-gradient@2x.png */,
				A59DC73C181CA4E400DF9B39 /* Icon_Activity.png */,
				A59DC73D181CA4E400DF9B39 /* Icon_Activity@2x.png */,
				A59DC73E181CA4E400DF9B39 /* Icon_Explore.png */,
				A59DC73F181CA4E400DF9B39 /* Icon_Explore@2x.png */,
				A59DC740181CA4E400DF9B39 /* Icon_Home.png */,
				A59DC741181CA4E400DF9B39 /* Icon_Home@2x.png */,
				A59DC742181CA4E400DF9B39 /* Icon_Profile.png */,
				A59DC743181CA4E400DF9B39 /* Icon_Profile@2x.png */,
				A511C4A21838D344002E9072 /* pocket-icon_saved.png */,
				A511C4A41838D344002E9072 /* pocket-icon.png */,
				A511C4AA1838D3E3002E9072 /* pocket-icon_saved@2x.png */,
				A511C4AB1838D3E3002E9072 /* pocket-icon@2x.png */,
				A5BA3C3717E8E15D005AB2F0 /* check.png */,
				A5BA3C3817E8E15D005AB2F0 /* check@2x.png */,
				A5BA3C3917E8E15D005AB2F0 /* clock.png */,
				A5BA3C3A17E8E15D005AB2F0 /* clock@2x.png */,
				A5BA3C3B17E8E15D005AB2F0 /* cross.png */,
				A5BA3C3C17E8E15D005AB2F0 /* cross@2x.png */,
				A5A4580418480A6F00D54093 /* list.png */,
				A5A4580218480A4400D54093 /* list@2x.png */,
			);
			path = Images;
			sourceTree = "<group>";
		};
/* End PBXGroup section */

/* Begin PBXNativeTarget section */
		A5B51CCD17AA1AFD00334619 /* feemur */ = {
			isa = PBXNativeTarget;
			buildConfigurationList = A5B51D1417AA1AFE00334619 /* Build configuration list for PBXNativeTarget "feemur" */;
			buildPhases = (
				A5B51CCA17AA1AFD00334619 /* Sources */,
				A5B51CCB17AA1AFD00334619 /* Frameworks */,
				A5B51CCC17AA1AFD00334619 /* Resources */,
			);
			buildRules = (
			);
			dependencies = (
			);
			name = feemur;
			productName = feemur;
			productReference = A5B51CCE17AA1AFD00334619 /* feemur.app */;
			productType = "com.apple.product-type.application";
		};
		A5B51D0117AA1AFE00334619 /* feemurTests */ = {
			isa = PBXNativeTarget;
			buildConfigurationList = A5B51D1717AA1AFE00334619 /* Build configuration list for PBXNativeTarget "feemurTests" */;
			buildPhases = (
				A5B51CFD17AA1AFE00334619 /* Sources */,
				A5B51CFE17AA1AFE00334619 /* Frameworks */,
				A5B51CFF17AA1AFE00334619 /* Resources */,
				A5B51D0017AA1AFE00334619 /* ShellScript */,
			);
			buildRules = (
			);
			dependencies = (
				A5B51D0817AA1AFE00334619 /* PBXTargetDependency */,
			);
			name = feemurTests;
			productName = feemurTests;
			productReference = A5B51D0217AA1AFE00334619 /* feemurTests.octest */;
			productType = "com.apple.product-type.bundle";
		};
/* End PBXNativeTarget section */

/* Begin PBXProject section */
		A5B51CC617AA1AFD00334619 /* Project object */ = {
			isa = PBXProject;
			attributes = {
				LastUpgradeCheck = 0460;
				ORGANIZATIONNAME = "Zauce Tech";
				TargetAttributes = {
					A5B51CCD17AA1AFD00334619 = {
						DevelopmentTeam = JSGZDY54HP;
					};
				};
			};
			buildConfigurationList = A5B51CC917AA1AFD00334619 /* Build configuration list for PBXProject "feemur" */;
			compatibilityVersion = "Xcode 3.2";
			developmentRegion = English;
			hasScannedForEncodings = 0;
			knownRegions = (
				en,
			);
			mainGroup = A5B51CC517AA1AFD00334619;
			productRefGroup = A5B51CCF17AA1AFD00334619 /* Products */;
			projectDirPath = "";
			projectRoot = "";
			targets = (
				A5B51CCD17AA1AFD00334619 /* feemur */,
				A5B51D0117AA1AFE00334619 /* feemurTests */,
			);
		};
/* End PBXProject section */

/* Begin PBXResourcesBuildPhase section */
		A5B51CCC17AA1AFD00334619 /* Resources */ = {
			isa = PBXResourcesBuildPhase;
			buildActionMask = 2147483647;
			files = (
				A511C4AC1838D3E3002E9072 /* pocket-icon_saved@2x.png in Resources */,
				A511C47C1838C29A002E9072 /* ICETutorialController_iPad.xib in Resources */,
				A5D1CEF918131C7E0033F552 /* FeemurAppIcon_retina.png in Resources */,
				A59DC747181CA4E400DF9B39 /* Icon_Explore@2x.png in Resources */,
				A511C4891838C329002E9072 /* monumentWCdropin4.png in Resources */,
				A5A4580518480A6F00D54093 /* list.png in Resources */,
				A5D1CEFD1813691E0033F552 /* back.png in Resources */,
				A5A99E281814E1E200C23847 /* Default~iphone.png in Resources */,
				A5B51CDC17AA1AFD00334619 /* InfoPlist.strings in Resources */,
				A5BA3C3F17E8E15D005AB2F0 /* check.png in Resources */,
				A59DC75D181CB70C00DF9B39 /* Images.xcassets in Resources */,
				A511C4A61838D344002E9072 /* pocket-icon_saved.png in Resources */,
				A511C4AD1838D3E3002E9072 /* pocket-icon@2x.png in Resources */,
				A5BA3C4417E8E15D005AB2F0 /* cross@2x.png in Resources */,
				A59DC746181CA4E400DF9B39 /* Icon_Explore.png in Resources */,
				A5D1CEF718131C7E0033F552 /* FeemurAppIcon_retina7.png in Resources */,
				A5BA3C4217E8E15D005AB2F0 /* clock@2x.png in Resources */,
				A511C48E1838C329002E9072 /* Slide1.png in Resources */,
				A59DC744181CA4E400DF9B39 /* Icon_Activity.png in Resources */,
				A5B51CEB17AA1AFE00334619 /* MainStoryboard_iPhone.storyboard in Resources */,
				A5A457FF184806DB00D54093 /* background.png in Resources */,
				A5BA3C4117E8E15D005AB2F0 /* clock.png in Resources */,
				A59DC748181CA4E400DF9B39 /* Icon_Home.png in Resources */,
				A511C49D1838D16E002E9072 /* more-icon@2x.png in Resources */,
				A511C47D1838C29A002E9072 /* ICETutorialController_iPhone.xib in Resources */,
				A5BA3C4317E8E15D005AB2F0 /* cross.png in Resources */,
				A59DC745181CA4E400DF9B39 /* Icon_Activity@2x.png in Resources */,
				A5B51CEE17AA1AFE00334619 /* MainStoryboard_iPad.storyboard in Resources */,
				A5A99E181814BA7100C23847 /* ProgressHUD.bundle in Resources */,
				A511C4781838C119002E9072 /* FontAwesome.ttf in Resources */,
				A511C48F1838C329002E9072 /* Slide_two.jpg in Resources */,
				A511C49C1838D16E002E9072 /* more-icon.png in Resources */,
				A511C4911838C329002E9072 /* background-gradient@2x.png in Resources */,
				A5B51CF317AA1AFE00334619 /* first.png in Resources */,
				A59DC74B181CA4E400DF9B39 /* Icon_Profile@2x.png in Resources */,
				A59DC74A181CA4E400DF9B39 /* Icon_Profile.png in Resources */,
				A5A4580118480A2A00D54093 /* down.png in Resources */,
				A59DC749181CA4E400DF9B39 /* Icon_Home@2x.png in Resources */,
				A5A99E271814E1E200C23847 /* Default@2x.png in Resources */,
				A5D1CEFC1813691E0033F552 /* forward.png in Resources */,
				A5B51CF517AA1AFE00334619 /* first@2x.png in Resources */,
				A511C48A1838C329002E9072 /* monumentWbdropin4.png in Resources */,
				A5D1CEF818131C7E0033F552 /* FeemurAppIcon.png in Resources */,
				A5A4580318480A4400D54093 /* list@2x.png in Resources */,
				A5B51CFA17AA1AFE00334619 /* second.png in Resources */,
				A5B51CFC17AA1AFE00334619 /* second@2x.png in Resources */,
				A5A99E261814E1E200C23847 /* Default.png in Resources */,
				A5BA3C4017E8E15D005AB2F0 /* check@2x.png in Resources */,
				A511C46A1838A207002E9072 /* selected.png in Resources */,
				A511C4901838C329002E9072 /* background-gradient.png in Resources */,
				A511C4A81838D344002E9072 /* pocket-icon.png in Resources */,
			);
			runOnlyForDeploymentPostprocessing = 0;
		};
		A5B51CFF17AA1AFE00334619 /* Resources */ = {
			isa = PBXResourcesBuildPhase;
			buildActionMask = 2147483647;
			files = (
				A5B51D0E17AA1AFE00334619 /* InfoPlist.strings in Resources */,
			);
			runOnlyForDeploymentPostprocessing = 0;
		};
/* End PBXResourcesBuildPhase section */

/* Begin PBXShellScriptBuildPhase section */
		A5B51D0017AA1AFE00334619 /* ShellScript */ = {
			isa = PBXShellScriptBuildPhase;
			buildActionMask = 2147483647;
			files = (
			);
			inputPaths = (
			);
			outputPaths = (
			);
			runOnlyForDeploymentPostprocessing = 0;
			shellPath = /bin/sh;
			shellScript = "# Run the unit tests in this test bundle.\n\"${SYSTEM_DEVELOPER_DIR}/Tools/RunUnitTests\"\n";
		};
/* End PBXShellScriptBuildPhase section */

/* Begin PBXSourcesBuildPhase section */
		A5B51CCA17AA1AFD00334619 /* Sources */ = {
			isa = PBXSourcesBuildPhase;
			buildActionMask = 2147483647;
			files = (
				A576090F17E2B7F4003F4106 /* FeemurHandler.m in Sources */,
				A5B51D5017B3428E00334619 /* AFHTTPClient.m in Sources */,
				A5B51D5117B3428E00334619 /* AFHTTPRequestOperation.m in Sources */,
				A511C4751838C119002E9072 /* ICETutorialPage.m in Sources */,
				A511C4741838C119002E9072 /* ICETutorialController.m in Sources */,
				A5B51D5217B3428E00334619 /* AFImageRequestOperation.m in Sources */,
				A59DC7121818CD4300DF9B39 /* MenuViewController.m in Sources */,
				A5B51D5317B3428E00334619 /* AFJSONRequestOperation.m in Sources */,
				A5B51D5417B3428E00334619 /* AFNetworkActivityIndicatorManager.m in Sources */,
				A59DC738181C91AD00DF9B39 /* REMenu.m in Sources */,
				A59DC73B181C91AD00DF9B39 /* REMenuItemView.m in Sources */,
				A5B51D5517B3428E00334619 /* AFPropertyListRequestOperation.m in Sources */,
				A5B51D5617B3428E00334619 /* AFURLConnectionOperation.m in Sources */,
				A5B51D5717B3428E00334619 /* AFXMLRequestOperation.m in Sources */,
				A511C4761838C119002E9072 /* NSString+FontAwesome.m in Sources */,
				A5B51D5817B3428E00334619 /* UIImageView+AFNetworking.m in Sources */,
				A5A99E191814BA7100C23847 /* ProgressHUD.m in Sources */,
				A5B51D4F17B3427400334619 /* API.m in Sources */,
				A59DC753181CAFC600DF9B39 /* RECommonFunctions.m in Sources */,
				A5B51CDE17AA1AFD00334619 /* main.m in Sources */,
				A59DC755181CAFC600DF9B39 /* UIViewController+RESideMenu.m in Sources */,
				A59DC7151818CE1000DF9B39 /* RootViewController.m in Sources */,
				A5B51CE217AA1AFD00334619 /* AppDelegate.m in Sources */,
				A5A99E1F1814CF8900C23847 /* DTAlertView.m in Sources */,
				A5B51CF117AA1AFE00334619 /* FirstViewController.m in Sources */,
				A511C4771838C119002E9072 /* UIButton+Bootstrap.m in Sources */,
				A5BA3C4917E8E16B005AB2F0 /* MCSwipeTableViewCell.m in Sources */,
				A5B51CF817AA1AFE00334619 /* SecondViewController.m in Sources */,
				A5B51D1D17AB74CD00334619 /* PocketHandler.m in Sources */,
				A5B51D2917AD964800334619 /* PocketAPI.m in Sources */,
				A5B51D2A17AD964800334619 /* PocketAPILogin.m in Sources */,
				A59DC73A181C91AD00DF9B39 /* REMenuItem.m in Sources */,
				A5B51D2B17AD964800334619 /* PocketAPIOperation.m in Sources */,
				A5A99E201814CF8900C23847 /* DTProgressStatus.m in Sources */,
				A5B51D2C17AD964800334619 /* SFHFKeychainUtils.m in Sources */,
				A5D1CF0018136D340033F552 /* LinkViewController.m in Sources */,
				A51F3A1917C979F4008C6C39 /* FeedViewController.m in Sources */,
				A51F3A1C17C97A12008C6C39 /* HomeViewController.m in Sources */,
				A592E04517DA5C2900E41FA6 /* DataHandler.m in Sources */,
				A59DC754181CAFC600DF9B39 /* RESideMenu.m in Sources */,
				A576090D17E2AA64003F4106 /* LoginViewController.m in Sources */,
				A59DC739181C91AD00DF9B39 /* REMenuContainerView.m in Sources */,
				A576090E17E2AD69003F4106 /* KeychainItemWrapper.m in Sources */,
			);
			runOnlyForDeploymentPostprocessing = 0;
		};
		A5B51CFD17AA1AFE00334619 /* Sources */ = {
			isa = PBXSourcesBuildPhase;
			buildActionMask = 2147483647;
			files = (
				A5B51D1117AA1AFE00334619 /* feemurTests.m in Sources */,
				A5B51D3117AF11E500334619 /* API.m in Sources */,
				A5B51D4617AF11FA00334619 /* AFHTTPClient.m in Sources */,
				A5B51D4717AF11FA00334619 /* AFHTTPRequestOperation.m in Sources */,
				A5B51D4817AF11FA00334619 /* AFImageRequestOperation.m in Sources */,
				A5B51D4917AF11FA00334619 /* AFJSONRequestOperation.m in Sources */,
				A5B51D4A17AF11FA00334619 /* AFNetworkActivityIndicatorManager.m in Sources */,
				A5B51D4B17AF11FA00334619 /* AFPropertyListRequestOperation.m in Sources */,
				A5B51D4C17AF11FA00334619 /* AFURLConnectionOperation.m in Sources */,
				A5B51D4D17AF11FA00334619 /* AFXMLRequestOperation.m in Sources */,
				A5B51D4E17AF11FA00334619 /* UIImageView+AFNetworking.m in Sources */,
				A576090A17E2A7F4003F4106 /* KeychainItemWrapper.m in Sources */,
			);
			runOnlyForDeploymentPostprocessing = 0;
		};
/* End PBXSourcesBuildPhase section */

/* Begin PBXTargetDependency section */
		A5B51D0817AA1AFE00334619 /* PBXTargetDependency */ = {
			isa = PBXTargetDependency;
			target = A5B51CCD17AA1AFD00334619 /* feemur */;
			targetProxy = A5B51D0717AA1AFE00334619 /* PBXContainerItemProxy */;
		};
/* End PBXTargetDependency section */

/* Begin PBXVariantGroup section */
		A5B51CDA17AA1AFD00334619 /* InfoPlist.strings */ = {
			isa = PBXVariantGroup;
			children = (
				A5B51CDB17AA1AFD00334619 /* en */,
			);
			name = InfoPlist.strings;
			sourceTree = "<group>";
		};
		A5B51CE917AA1AFE00334619 /* MainStoryboard_iPhone.storyboard */ = {
			isa = PBXVariantGroup;
			children = (
				A5B51CEA17AA1AFE00334619 /* en */,
			);
			name = MainStoryboard_iPhone.storyboard;
			sourceTree = "<group>";
		};
		A5B51CEC17AA1AFE00334619 /* MainStoryboard_iPad.storyboard */ = {
			isa = PBXVariantGroup;
			children = (
				A5B51CED17AA1AFE00334619 /* en */,
			);
			name = MainStoryboard_iPad.storyboard;
			sourceTree = "<group>";
		};
		A5B51D0C17AA1AFE00334619 /* InfoPlist.strings */ = {
			isa = PBXVariantGroup;
			children = (
				A5B51D0D17AA1AFE00334619 /* en */,
			);
			name = InfoPlist.strings;
			sourceTree = "<group>";
		};
/* End PBXVariantGroup section */

/* Begin XCBuildConfiguration section */
		A5B51D1217AA1AFE00334619 /* Debug */ = {
			isa = XCBuildConfiguration;
			buildSettings = {
				ALWAYS_SEARCH_USER_PATHS = NO;
				CLANG_CXX_LANGUAGE_STANDARD = "gnu++0x";
				CLANG_CXX_LIBRARY = "libc++";
				CLANG_ENABLE_OBJC_ARC = YES;
				CLANG_WARN_CONSTANT_CONVERSION = YES;
				CLANG_WARN_EMPTY_BODY = YES;
				CLANG_WARN_ENUM_CONVERSION = YES;
				CLANG_WARN_INT_CONVERSION = YES;
				CLANG_WARN__DUPLICATE_METHOD_MATCH = YES;
				"CODE_SIGN_IDENTITY[sdk=iphoneos*]" = "iPhone Developer";
				COPY_PHASE_STRIP = NO;
				GCC_C_LANGUAGE_STANDARD = gnu99;
				GCC_DYNAMIC_NO_PIC = NO;
				GCC_OPTIMIZATION_LEVEL = 0;
				GCC_PREPROCESSOR_DEFINITIONS = (
					"DEBUG=1",
					"$(inherited)",
				);
				GCC_SYMBOLS_PRIVATE_EXTERN = NO;
				GCC_WARN_ABOUT_RETURN_TYPE = YES;
				GCC_WARN_UNINITIALIZED_AUTOS = YES;
				GCC_WARN_UNUSED_VARIABLE = YES;
				IPHONEOS_DEPLOYMENT_TARGET = 6.1;
				ONLY_ACTIVE_ARCH = YES;
				SDKROOT = iphoneos;
				TARGETED_DEVICE_FAMILY = "1,2";
			};
			name = Debug;
		};
		A5B51D1317AA1AFE00334619 /* Release */ = {
			isa = XCBuildConfiguration;
			buildSettings = {
				ALWAYS_SEARCH_USER_PATHS = NO;
				CLANG_CXX_LANGUAGE_STANDARD = "gnu++0x";
				CLANG_CXX_LIBRARY = "libc++";
				CLANG_ENABLE_OBJC_ARC = YES;
				CLANG_WARN_CONSTANT_CONVERSION = YES;
				CLANG_WARN_EMPTY_BODY = YES;
				CLANG_WARN_ENUM_CONVERSION = YES;
				CLANG_WARN_INT_CONVERSION = YES;
				CLANG_WARN__DUPLICATE_METHOD_MATCH = YES;
				"CODE_SIGN_IDENTITY[sdk=iphoneos*]" = "iPhone Developer";
				COPY_PHASE_STRIP = YES;
				GCC_C_LANGUAGE_STANDARD = gnu99;
				GCC_WARN_ABOUT_RETURN_TYPE = YES;
				GCC_WARN_UNINITIALIZED_AUTOS = YES;
				GCC_WARN_UNUSED_VARIABLE = YES;
				IPHONEOS_DEPLOYMENT_TARGET = 6.1;
				OTHER_CFLAGS = "-DNS_BLOCK_ASSERTIONS=1";
				SDKROOT = iphoneos;
				TARGETED_DEVICE_FAMILY = "1,2";
				VALIDATE_PRODUCT = YES;
			};
			name = Release;
		};
		A5B51D1517AA1AFE00334619 /* Debug */ = {
			isa = XCBuildConfiguration;
			buildSettings = {
				ASSETCATALOG_COMPILER_LAUNCHIMAGE_NAME = "LaunchImage-2";
				CLANG_ENABLE_MODULES = YES;
				CLANG_WARN_DIRECT_OBJC_ISA_USAGE = YES_ERROR;
				CODE_SIGN_IDENTITY = "iPhone Developer";
				"CODE_SIGN_IDENTITY[sdk=iphoneos*]" = "iPhone Developer";
				GCC_GENERATE_TEST_COVERAGE_FILES = YES;
				GCC_INSTRUMENT_PROGRAM_FLOW_ARCS = YES;
				GCC_PRECOMPILE_PREFIX_HEADER = YES;
				GCC_PREFIX_HEADER = "feemur/feemur-Prefix.pch";
				INFOPLIST_FILE = "feemur/feemur-Info.plist";
				IPHONEOS_DEPLOYMENT_TARGET = 7.0;
				LIBRARY_SEARCH_PATHS = (
					"$(inherited)",
					"$(SDKROOT)/usr/lib/system",
					/Users/zachnagengast09/Drive/App/feemur_ios/feemur,
					/Users/zachnagengast09/Drive/App/feemur_ios/feemur/feemur/Images,
					/Users/zachnagengast09/Drive/App/feemur_ios/feemur/feemur,
				);
				OTHER_LDFLAGS = "-ObjC";
				PRODUCT_NAME = "$(TARGET_NAME)";
				PROVISIONING_PROFILE = "";
				"PROVISIONING_PROFILE[sdk=iphoneos*]" = "";
				TARGETED_DEVICE_FAMILY = "1,2";
				WRAPPER_EXTENSION = app;
			};
			name = Debug;
		};
		A5B51D1617AA1AFE00334619 /* Release */ = {
			isa = XCBuildConfiguration;
			buildSettings = {
				ASSETCATALOG_COMPILER_LAUNCHIMAGE_NAME = "LaunchImage-2";
				CLANG_ENABLE_MODULES = YES;
				CLANG_WARN_DIRECT_OBJC_ISA_USAGE = YES_ERROR;
				CODE_SIGN_IDENTITY = "iPhone Developer";
				"CODE_SIGN_IDENTITY[sdk=iphoneos*]" = "iPhone Developer";
				GCC_GENERATE_TEST_COVERAGE_FILES = YES;
				GCC_INSTRUMENT_PROGRAM_FLOW_ARCS = YES;
				GCC_PRECOMPILE_PREFIX_HEADER = YES;
				GCC_PREFIX_HEADER = "feemur/feemur-Prefix.pch";
				INFOPLIST_FILE = "feemur/feemur-Info.plist";
				IPHONEOS_DEPLOYMENT_TARGET = 7.0;
				LIBRARY_SEARCH_PATHS = (
					"$(inherited)",
					"$(SDKROOT)/usr/lib/system",
					/Users/zachnagengast09/Drive/App/feemur_ios/feemur,
					/Users/zachnagengast09/Drive/App/feemur_ios/feemur/feemur/Images,
					/Users/zachnagengast09/Drive/App/feemur_ios/feemur/feemur,
				);
				OTHER_LDFLAGS = "-ObjC";
				PRODUCT_NAME = "$(TARGET_NAME)";
				PROVISIONING_PROFILE = "";
				"PROVISIONING_PROFILE[sdk=iphoneos*]" = "";
				TARGETED_DEVICE_FAMILY = "1,2";
				WRAPPER_EXTENSION = app;
			};
			name = Release;
		};
		A5B51D1817AA1AFE00334619 /* Debug */ = {
			isa = XCBuildConfiguration;
			buildSettings = {
				BUNDLE_LOADER = "$(BUILT_PRODUCTS_DIR)/feemur.app/feemur";
				FRAMEWORK_SEARCH_PATHS = (
					"\"$(SDKROOT)/Developer/Library/Frameworks\"",
					"\"$(DEVELOPER_LIBRARY_DIR)/Frameworks\"",
				);
				GCC_PRECOMPILE_PREFIX_HEADER = YES;
				GCC_PREFIX_HEADER = "feemur/feemur-Prefix.pch";
				INFOPLIST_FILE = "feemurTests/feemurTests-Info.plist";
				PRODUCT_NAME = "$(TARGET_NAME)";
				TEST_HOST = "$(BUNDLE_LOADER)";
				WRAPPER_EXTENSION = octest;
			};
			name = Debug;
		};
		A5B51D1917AA1AFE00334619 /* Release */ = {
			isa = XCBuildConfiguration;
			buildSettings = {
				BUNDLE_LOADER = "$(BUILT_PRODUCTS_DIR)/feemur.app/feemur";
				FRAMEWORK_SEARCH_PATHS = (
					"\"$(SDKROOT)/Developer/Library/Frameworks\"",
					"\"$(DEVELOPER_LIBRARY_DIR)/Frameworks\"",
				);
				GCC_PRECOMPILE_PREFIX_HEADER = YES;
				GCC_PREFIX_HEADER = "feemur/feemur-Prefix.pch";
				INFOPLIST_FILE = "feemurTests/feemurTests-Info.plist";
				PRODUCT_NAME = "$(TARGET_NAME)";
				TEST_HOST = "$(BUNDLE_LOADER)";
				WRAPPER_EXTENSION = octest;
			};
			name = Release;
		};
/* End XCBuildConfiguration section */

/* Begin XCConfigurationList section */
		A5B51CC917AA1AFD00334619 /* Build configuration list for PBXProject "feemur" */ = {
			isa = XCConfigurationList;
			buildConfigurations = (
				A5B51D1217AA1AFE00334619 /* Debug */,
				A5B51D1317AA1AFE00334619 /* Release */,
			);
			defaultConfigurationIsVisible = 0;
			defaultConfigurationName = Release;
		};
		A5B51D1417AA1AFE00334619 /* Build configuration list for PBXNativeTarget "feemur" */ = {
			isa = XCConfigurationList;
			buildConfigurations = (
				A5B51D1517AA1AFE00334619 /* Debug */,
				A5B51D1617AA1AFE00334619 /* Release */,
			);
			defaultConfigurationIsVisible = 0;
			defaultConfigurationName = Release;
		};
		A5B51D1717AA1AFE00334619 /* Build configuration list for PBXNativeTarget "feemurTests" */ = {
			isa = XCConfigurationList;
			buildConfigurations = (
				A5B51D1817AA1AFE00334619 /* Debug */,
				A5B51D1917AA1AFE00334619 /* Release */,
			);
			defaultConfigurationIsVisible = 0;
			defaultConfigurationName = Release;
		};
/* End XCConfigurationList section */
	};
	rootObject = A5B51CC617AA1AFD00334619 /* Project object */;
}
